{
  "object": {
    "pins": [
      {
        "package": "SwiftUICharts",
        "repositoryURL": "https://github.com/AppPear/ChartView",
        "state": {
          "branch": null,
          "revision": "caa75ecbc0d68f2b50d714909566406f80214186",
          "version": "2.0.0-beta.2"
        }
      },
      {
        "package": "SwiftDate",
        "repositoryURL": "https://github.com/malcommac/SwiftDate.git",
        "state": {
          "branch": null,
          "revision": "6190d0cefff3013e77ed567e6b074f324e5c5bf5",
          "version": "6.3.1"
        }
      },
      {
        "package": "SwiftSpeech",
        "repositoryURL": "https://github.com/Cay-Zhang/SwiftSpeech",
        "state": {
          "branch": null,
          "revision": "6e41f289f5ccc1751ef5674972d46b48b326c4c6",
          "version": "0.9.3"
        }
      }
    ]
  },
  "version": 1
}
