// !$*UTF8*$!
{
	archiveVersion = 1;
	classes = {
	};
	objectVersion = 52;
	objects = {

/* Begin PBXBuildFile section */
		4823CD2D269FFE6900C7217F /* LargeButton.swift in Sources */ = {isa = PBXBuildFile; fileRef = 4823CD2C269FFE6900C7217F /* LargeButton.swift */; };
		488D3A78269F0E5B00287A50 /* RacoonAccountBookApp.swift in Sources */ = {isa = PBXBuildFile; fileRef = 488D3A77269F0E5B00287A50 /* RacoonAccountBookApp.swift */; };
		488D3A7A269F0E5B00287A50 /* MainView.swift in Sources */ = {isa = PBXBuildFile; fileRef = 488D3A79269F0E5B00287A50 /* MainView.swift */; };
		488D3A7C269F0E5E00287A50 /* Assets.xcassets in Resources */ = {isa = PBXBuildFile; fileRef = 488D3A7B269F0E5E00287A50 /* Assets.xcassets */; };
		488D3A7F269F0E5E00287A50 /* Preview Assets.xcassets in Resources */ = {isa = PBXBuildFile; fileRef = 488D3A7E269F0E5E00287A50 /* Preview Assets.xcassets */; };
		488D3A88269F0F0800287A50 /* AccountBook.swift in Sources */ = {isa = PBXBuildFile; fileRef = 488D3A87269F0F0800287A50 /* AccountBook.swift */; };
		488D3A8A269F0F1D00287A50 /* Item.swift in Sources */ = {isa = PBXBuildFile; fileRef = 488D3A89269F0F1D00287A50 /* Item.swift */; };
		488D3A8D269F0F3700287A50 /* AccountBookModel.swift in Sources */ = {isa = PBXBuildFile; fileRef = 488D3A8C269F0F3700287A50 /* AccountBookModel.swift */; };
		488D3A90269F0F5500287A50 /* AddTab.swift in Sources */ = {isa = PBXBuildFile; fileRef = 488D3A8F269F0F5500287A50 /* AddTab.swift */; };
		488D3A92269F0F5E00287A50 /* BookTab.swift in Sources */ = {isa = PBXBuildFile; fileRef = 488D3A91269F0F5E00287A50 /* BookTab.swift */; };
		488D3A96269F188100287A50 /* ReportTab.swift in Sources */ = {isa = PBXBuildFile; fileRef = 488D3A95269F188100287A50 /* ReportTab.swift */; };
		488D3A9F269F42AF00287A50 /* PutKeyboardBack.swift in Sources */ = {isa = PBXBuildFile; fileRef = 488D3A9E269F42AF00287A50 /* PutKeyboardBack.swift */; };
		488D3AA1269F5A2A00287A50 /* MetaItemView.swift in Sources */ = {isa = PBXBuildFile; fileRef = 488D3AA0269F5A2A00287A50 /* MetaItemView.swift */; };
		488D3AA5269F689B00287A50 /* SwiftDate in Frameworks */ = {isa = PBXBuildFile; productRef = 488D3AA4269F689B00287A50 /* SwiftDate */; };
		488D3AA7269F6AD000287A50 /* Date+.swift in Sources */ = {isa = PBXBuildFile; fileRef = 488D3AA6269F6AD000287A50 /* Date+.swift */; };
		488D3AA9269F837300287A50 /* Binding+Optional.swift in Sources */ = {isa = PBXBuildFile; fileRef = 488D3AA8269F837300287A50 /* Binding+Optional.swift */; };
		488D3AAB269F86E400287A50 /* TestData_MetaItem.swift in Sources */ = {isa = PBXBuildFile; fileRef = 488D3AAA269F86E400287A50 /* TestData_MetaItem.swift */; };
		488D3AAE269F8C5400287A50 /* Print+.swift in Sources */ = {isa = PBXBuildFile; fileRef = 488D3AAD269F8C5400287A50 /* Print+.swift */; };
		488D3AB0269F8F2F00287A50 /* MetaItem.swift in Sources */ = {isa = PBXBuildFile; fileRef = 488D3AAF269F8F2F00287A50 /* MetaItem.swift */; };
		48C6360326A44B0B00E7BF15 /* IncomeExpenditureView.swift in Sources */ = {isa = PBXBuildFile; fileRef = 48C6360226A44B0B00E7BF15 /* IncomeExpenditureView.swift */; };
		48C6361E26A480D100E7BF15 /* Ex.swift in Sources */ = {isa = PBXBuildFile; fileRef = 48C6361D26A480D100E7BF15 /* Ex.swift */; };
		48C8D8E426A2B98B00E61A01 /* StarButtonView.swift in Sources */ = {isa = PBXBuildFile; fileRef = 48C8D8E326A2B98B00E61A01 /* StarButtonView.swift */; };
		48F0A09C26A4CED6004898C0 /* DayItemsView.swift in Sources */ = {isa = PBXBuildFile; fileRef = 48F0A09B26A4CED6004898C0 /* DayItemsView.swift */; };
		48F0A09E26A55DFA004898C0 /* StoryTab.swift in Sources */ = {isa = PBXBuildFile; fileRef = 48F0A09D26A55DF9004898C0 /* StoryTab.swift */; };
/* End PBXBuildFile section */

/* Begin PBXFileReference section */
		4823CD2C269FFE6900C7217F /* LargeButton.swift */ = {isa = PBXFileReference; lastKnownFileType = sourcecode.swift; path = LargeButton.swift; sourceTree = "<group>"; };
		488D3A74269F0E5B00287A50 /* 浣熊财记.app */ = {isa = PBXFileReference; explicitFileType = wrapper.application; includeInIndex = 0; path = "浣熊财记.app"; sourceTree = BUILT_PRODUCTS_DIR; };
		488D3A77269F0E5B00287A50 /* RacoonAccountBookApp.swift */ = {isa = PBXFileReference; lastKnownFileType = sourcecode.swift; path = RacoonAccountBookApp.swift; sourceTree = "<group>"; };
		488D3A79269F0E5B00287A50 /* MainView.swift */ = {isa = PBXFileReference; lastKnownFileType = sourcecode.swift; path = MainView.swift; sourceTree = "<group>"; };
		488D3A7B269F0E5E00287A50 /* Assets.xcassets */ = {isa = PBXFileReference; lastKnownFileType = folder.assetcatalog; path = Assets.xcassets; sourceTree = "<group>"; };
		488D3A7E269F0E5E00287A50 /* Preview Assets.xcassets */ = {isa = PBXFileReference; lastKnownFileType = folder.assetcatalog; path = "Preview Assets.xcassets"; sourceTree = "<group>"; };
		488D3A80269F0E5E00287A50 /* Info.plist */ = {isa = PBXFileReference; lastKnownFileType = text.plist.xml; path = Info.plist; sourceTree = "<group>"; };
		488D3A87269F0F0800287A50 /* AccountBook.swift */ = {isa = PBXFileReference; lastKnownFileType = sourcecode.swift; path = AccountBook.swift; sourceTree = "<group>"; };
		488D3A89269F0F1D00287A50 /* Item.swift */ = {isa = PBXFileReference; lastKnownFileType = sourcecode.swift; path = Item.swift; sourceTree = "<group>"; };
		488D3A8C269F0F3700287A50 /* AccountBookModel.swift */ = {isa = PBXFileReference; lastKnownFileType = sourcecode.swift; path = AccountBookModel.swift; sourceTree = "<group>"; };
		488D3A8F269F0F5500287A50 /* AddTab.swift */ = {isa = PBXFileReference; lastKnownFileType = sourcecode.swift; path = AddTab.swift; sourceTree = "<group>"; };
		488D3A91269F0F5E00287A50 /* BookTab.swift */ = {isa = PBXFileReference; lastKnownFileType = sourcecode.swift; path = BookTab.swift; sourceTree = "<group>"; };
		488D3A95269F188100287A50 /* ReportTab.swift */ = {isa = PBXFileReference; lastKnownFileType = sourcecode.swift; path = ReportTab.swift; sourceTree = "<group>"; };
		488D3A9E269F42AF00287A50 /* PutKeyboardBack.swift */ = {isa = PBXFileReference; lastKnownFileType = sourcecode.swift; path = PutKeyboardBack.swift; sourceTree = "<group>"; };
		488D3AA0269F5A2A00287A50 /* MetaItemView.swift */ = {isa = PBXFileReference; lastKnownFileType = sourcecode.swift; path = MetaItemView.swift; sourceTree = "<group>"; };
		488D3AA6269F6AD000287A50 /* Date+.swift */ = {isa = PBXFileReference; lastKnownFileType = sourcecode.swift; path = "Date+.swift"; sourceTree = "<group>"; };
		488D3AA8269F837300287A50 /* Binding+Optional.swift */ = {isa = PBXFileReference; lastKnownFileType = sourcecode.swift; path = "Binding+Optional.swift"; sourceTree = "<group>"; };
		488D3AAA269F86E400287A50 /* TestData_MetaItem.swift */ = {isa = PBXFileReference; lastKnownFileType = sourcecode.swift; path = TestData_MetaItem.swift; sourceTree = "<group>"; };
		488D3AAD269F8C5400287A50 /* Print+.swift */ = {isa = PBXFileReference; lastKnownFileType = sourcecode.swift; path = "Print+.swift"; sourceTree = "<group>"; };
		488D3AAF269F8F2F00287A50 /* MetaItem.swift */ = {isa = PBXFileReference; lastKnownFileType = sourcecode.swift; path = MetaItem.swift; sourceTree = "<group>"; };
		48C6360226A44B0B00E7BF15 /* IncomeExpenditureView.swift */ = {isa = PBXFileReference; lastKnownFileType = sourcecode.swift; path = IncomeExpenditureView.swift; sourceTree = "<group>"; };
		48C6360926A4682700E7BF15 /* TODO.md */ = {isa = PBXFileReference; lastKnownFileType = net.daringfireball.markdown; path = TODO.md; sourceTree = "<group>"; };
		48C6361D26A480D100E7BF15 /* Ex.swift */ = {isa = PBXFileReference; lastKnownFileType = sourcecode.swift; path = Ex.swift; sourceTree = "<group>"; };
		48C8D8E326A2B98B00E61A01 /* StarButtonView.swift */ = {isa = PBXFileReference; lastKnownFileType = sourcecode.swift; path = StarButtonView.swift; sourceTree = "<group>"; };
		48F0A09B26A4CED6004898C0 /* DayItemsView.swift */ = {isa = PBXFileReference; lastKnownFileType = sourcecode.swift; path = DayItemsView.swift; sourceTree = "<group>"; };
		48F0A09D26A55DF9004898C0 /* StoryTab.swift */ = {isa = PBXFileReference; lastKnownFileType = sourcecode.swift; path = StoryTab.swift; sourceTree = "<group>"; };
/* End PBXFileReference section */

/* Begin PBXFrameworksBuildPhase section */
		488D3A71269F0E5B00287A50 /* Frameworks */ = {
			isa = PBXFrameworksBuildPhase;
			buildActionMask = 2147483647;
			files = (
				488D3AA5269F689B00287A50 /* SwiftDate in Frameworks */,
			);
			runOnlyForDeploymentPostprocessing = 0;
		};
/* End PBXFrameworksBuildPhase section */

/* Begin PBXGroup section */
		488D3A6B269F0E5B00287A50 = {
			isa = PBXGroup;
			children = (
				488D3A76269F0E5B00287A50 /* RacoonAccountBook */,
				488D3A75269F0E5B00287A50 /* Products */,
			);
			sourceTree = "<group>";
		};
		488D3A75269F0E5B00287A50 /* Products */ = {
			isa = PBXGroup;
			children = (
				488D3A74269F0E5B00287A50 /* 浣熊财记.app */,
			);
			name = Products;
			sourceTree = "<group>";
		};
		488D3A76269F0E5B00287A50 /* RacoonAccountBook */ = {
			isa = PBXGroup;
			children = (
				488D3A86269F0EF400287A50 /* DataStructure */,
				488D3A8B269F0F2400287A50 /* ViewModel */,
				488D3A8E269F0F3D00287A50 /* App */,
				488D3A97269F27C500287A50 /* Auxiliary */,
				488D3A7B269F0E5E00287A50 /* Assets.xcassets */,
				48C6360826A4681300E7BF15 /* Docs */,
				488D3A80269F0E5E00287A50 /* Info.plist */,
				488D3A7D269F0E5E00287A50 /* Preview Content */,
			);
			path = RacoonAccountBook;
			sourceTree = "<group>";
		};
		488D3A7D269F0E5E00287A50 /* Preview Content */ = {
			isa = PBXGroup;
			children = (
				488D3A7E269F0E5E00287A50 /* Preview Assets.xcassets */,
			);
			path = "Preview Content";
			sourceTree = "<group>";
		};
		488D3A86269F0EF400287A50 /* DataStructure */ = {
			isa = PBXGroup;
			children = (
				488D3A87269F0F0800287A50 /* AccountBook.swift */,
				48C6361D26A480D100E7BF15 /* Ex.swift */,
				488D3A89269F0F1D00287A50 /* Item.swift */,
				488D3AAF269F8F2F00287A50 /* MetaItem.swift */,
				488D3AAC269F86EC00287A50 /* Test */,
			);
			path = DataStructure;
			sourceTree = "<group>";
		};
		488D3A8B269F0F2400287A50 /* ViewModel */ = {
			isa = PBXGroup;
			children = (
				488D3A8C269F0F3700287A50 /* AccountBookModel.swift */,
			);
			path = ViewModel;
			sourceTree = "<group>";
		};
		488D3A8E269F0F3D00287A50 /* App */ = {
			isa = PBXGroup;
			children = (
				488D3A77269F0E5B00287A50 /* RacoonAccountBookApp.swift */,
				488D3A79269F0E5B00287A50 /* MainView.swift */,
				48C6360426A44B1400E7BF15 /* BookTab */,
				48C6360526A44B5700E7BF15 /* AddTab */,
				48C6360726A44B8300E7BF15 /* StoryTab */,
				48C6360626A44B6000E7BF15 /* ReportTab */,
				488D3A9B269F338800287A50 /* Component */,
			);
			path = App;
			sourceTree = "<group>";
		};
		488D3A97269F27C500287A50 /* Auxiliary */ = {
			isa = PBXGroup;
			children = (
				488D3A9E269F42AF00287A50 /* PutKeyboardBack.swift */,
				488D3AA8269F837300287A50 /* Binding+Optional.swift */,
				488D3AAD269F8C5400287A50 /* Print+.swift */,
				488D3AA6269F6AD000287A50 /* Date+.swift */,
			);
			path = Auxiliary;
			sourceTree = "<group>";
		};
		488D3A9B269F338800287A50 /* Component */ = {
			isa = PBXGroup;
			children = (
				488D3AA0269F5A2A00287A50 /* MetaItemView.swift */,
				48C8D8E326A2B98B00E61A01 /* StarButtonView.swift */,
				4823CD2C269FFE6900C7217F /* LargeButton.swift */,
			);
			path = Component;
			sourceTree = "<group>";
		};
		488D3AAC269F86EC00287A50 /* Test */ = {
			isa = PBXGroup;
			children = (
				488D3AAA269F86E400287A50 /* TestData_MetaItem.swift */,
			);
			path = Test;
			sourceTree = "<group>";
		};
		48C6360426A44B1400E7BF15 /* BookTab */ = {
			isa = PBXGroup;
			children = (
				488D3A91269F0F5E00287A50 /* BookTab.swift */,
				48F0A09A26A4CEBB004898C0 /* Component */,
			);
			path = BookTab;
			sourceTree = "<group>";
		};
		48C6360526A44B5700E7BF15 /* AddTab */ = {
			isa = PBXGroup;
			children = (
				488D3A8F269F0F5500287A50 /* AddTab.swift */,
			);
			path = AddTab;
			sourceTree = "<group>";
		};
		48C6360626A44B6000E7BF15 /* ReportTab */ = {
			isa = PBXGroup;
			children = (
				488D3A95269F188100287A50 /* ReportTab.swift */,
			);
			path = ReportTab;
			sourceTree = "<group>";
		};
		48C6360726A44B8300E7BF15 /* StoryTab */ = {
			isa = PBXGroup;
			children = (
				48F0A09D26A55DF9004898C0 /* StoryTab.swift */,
			);
			path = StoryTab;
			sourceTree = "<group>";
		};
		48C6360826A4681300E7BF15 /* Docs */ = {
			isa = PBXGroup;
			children = (
				48C6360926A4682700E7BF15 /* TODO.md */,
			);
			path = Docs;
			sourceTree = "<group>";
		};
		48F0A09A26A4CEBB004898C0 /* Component */ = {
			isa = PBXGroup;
			children = (
				48C6360226A44B0B00E7BF15 /* IncomeExpenditureView.swift */,
				48F0A09B26A4CED6004898C0 /* DayItemsView.swift */,
			);
			path = Component;
			sourceTree = "<group>";
		};
/* End PBXGroup section */

/* Begin PBXNativeTarget section */
		488D3A73269F0E5B00287A50 /* RacoonAccountBook */ = {
			isa = PBXNativeTarget;
			buildConfigurationList = 488D3A83269F0E5E00287A50 /* Build configuration list for PBXNativeTarget "RacoonAccountBook" */;
			buildPhases = (
				488D3A70269F0E5B00287A50 /* Sources */,
				488D3A71269F0E5B00287A50 /* Frameworks */,
				488D3A72269F0E5B00287A50 /* Resources */,
			);
			buildRules = (
			);
			dependencies = (
			);
			name = RacoonAccountBook;
			packageProductDependencies = (
				488D3AA4269F689B00287A50 /* SwiftDate */,
			);
			productName = RacoonAccountBook;
			productReference = 488D3A74269F0E5B00287A50 /* 浣熊财记.app */;
			productType = "com.apple.product-type.application";
		};
/* End PBXNativeTarget section */

/* Begin PBXProject section */
		488D3A6C269F0E5B00287A50 /* Project object */ = {
			isa = PBXProject;
			attributes = {
				LastSwiftUpdateCheck = 1250;
				LastUpgradeCheck = 1250;
				TargetAttributes = {
					488D3A73269F0E5B00287A50 = {
						CreatedOnToolsVersion = 12.5.1;
					};
				};
			};
			buildConfigurationList = 488D3A6F269F0E5B00287A50 /* Build configuration list for PBXProject "RacoonAccountBook" */;
			compatibilityVersion = "Xcode 9.3";
			developmentRegion = en;
			hasScannedForEncodings = 0;
			knownRegions = (
				en,
				Base,
			);
			mainGroup = 488D3A6B269F0E5B00287A50;
			packageReferences = (
				488D3AA3269F689A00287A50 /* XCRemoteSwiftPackageReference "SwiftDate" */,
			);
			productRefGroup = 488D3A75269F0E5B00287A50 /* Products */;
			projectDirPath = "";
			projectRoot = "";
			targets = (
				488D3A73269F0E5B00287A50 /* RacoonAccountBook */,
			);
		};
/* End PBXProject section */

/* Begin PBXResourcesBuildPhase section */
		488D3A72269F0E5B00287A50 /* Resources */ = {
			isa = PBXResourcesBuildPhase;
			buildActionMask = 2147483647;
			files = (
				488D3A7F269F0E5E00287A50 /* Preview Assets.xcassets in Resources */,
				488D3A7C269F0E5E00287A50 /* Assets.xcassets in Resources */,
			);
			runOnlyForDeploymentPostprocessing = 0;
		};
/* End PBXResourcesBuildPhase section */

/* Begin PBXSourcesBuildPhase section */
		488D3A70269F0E5B00287A50 /* Sources */ = {
			isa = PBXSourcesBuildPhase;
			buildActionMask = 2147483647;
			files = (
				488D3A7A269F0E5B00287A50 /* MainView.swift in Sources */,
				4823CD2D269FFE6900C7217F /* LargeButton.swift in Sources */,
				488D3A8A269F0F1D00287A50 /* Item.swift in Sources */,
				488D3A88269F0F0800287A50 /* AccountBook.swift in Sources */,
				48C8D8E426A2B98B00E61A01 /* StarButtonView.swift in Sources */,
				488D3A9F269F42AF00287A50 /* PutKeyboardBack.swift in Sources */,
				488D3AA9269F837300287A50 /* Binding+Optional.swift in Sources */,
				488D3AAE269F8C5400287A50 /* Print+.swift in Sources */,
				48C6361E26A480D100E7BF15 /* Ex.swift in Sources */,
				48C6360326A44B0B00E7BF15 /* IncomeExpenditureView.swift in Sources */,
				488D3AA1269F5A2A00287A50 /* MetaItemView.swift in Sources */,
				488D3A8D269F0F3700287A50 /* AccountBookModel.swift in Sources */,
				48F0A09C26A4CED6004898C0 /* DayItemsView.swift in Sources */,
				488D3AB0269F8F2F00287A50 /* MetaItem.swift in Sources */,
				488D3AA7269F6AD000287A50 /* Date+.swift in Sources */,
				488D3A96269F188100287A50 /* ReportTab.swift in Sources */,
				488D3A78269F0E5B00287A50 /* RacoonAccountBookApp.swift in Sources */,
				48F0A09E26A55DFA004898C0 /* StoryTab.swift in Sources */,
				488D3AAB269F86E400287A50 /* TestData_MetaItem.swift in Sources */,
				488D3A90269F0F5500287A50 /* AddTab.swift in Sources */,
				488D3A92269F0F5E00287A50 /* BookTab.swift in Sources */,
			);
			runOnlyForDeploymentPostprocessing = 0;
		};
/* End PBXSourcesBuildPhase section */

/* Begin XCBuildConfiguration section */
		488D3A81269F0E5E00287A50 /* Debug */ = {
			isa = XCBuildConfiguration;
			buildSettings = {
				ALWAYS_SEARCH_USER_PATHS = NO;
				CLANG_ANALYZER_NONNULL = YES;
				CLANG_ANALYZER_NUMBER_OBJECT_CONVERSION = YES_AGGRESSIVE;
				CLANG_CXX_LANGUAGE_STANDARD = "gnu++14";
				CLANG_CXX_LIBRARY = "libc++";
				CLANG_ENABLE_MODULES = YES;
				CLANG_ENABLE_OBJC_ARC = YES;
				CLANG_ENABLE_OBJC_WEAK = YES;
				CLANG_WARN_BLOCK_CAPTURE_AUTORELEASING = YES;
				CLANG_WARN_BOOL_CONVERSION = YES;
				CLANG_WARN_COMMA = YES;
				CLANG_WARN_CONSTANT_CONVERSION = YES;
				CLANG_WARN_DEPRECATED_OBJC_IMPLEMENTATIONS = YES;
				CLANG_WARN_DIRECT_OBJC_ISA_USAGE = YES_ERROR;
				CLANG_WARN_DOCUMENTATION_COMMENTS = YES;
				CLANG_WARN_EMPTY_BODY = YES;
				CLANG_WARN_ENUM_CONVERSION = YES;
				CLANG_WARN_INFINITE_RECURSION = YES;
				CLANG_WARN_INT_CONVERSION = YES;
				CLANG_WARN_NON_LITERAL_NULL_CONVERSION = YES;
				CLANG_WARN_OBJC_IMPLICIT_RETAIN_SELF = YES;
				CLANG_WARN_OBJC_LITERAL_CONVERSION = YES;
				CLANG_WARN_OBJC_ROOT_CLASS = YES_ERROR;
				CLANG_WARN_QUOTED_INCLUDE_IN_FRAMEWORK_HEADER = YES;
				CLANG_WARN_RANGE_LOOP_ANALYSIS = YES;
				CLANG_WARN_STRICT_PROTOTYPES = YES;
				CLANG_WARN_SUSPICIOUS_MOVE = YES;
				CLANG_WARN_UNGUARDED_AVAILABILITY = YES_AGGRESSIVE;
				CLANG_WARN_UNREACHABLE_CODE = YES;
				CLANG_WARN__DUPLICATE_METHOD_MATCH = YES;
				COPY_PHASE_STRIP = NO;
				DEBUG_INFORMATION_FORMAT = dwarf;
				ENABLE_STRICT_OBJC_MSGSEND = YES;
				ENABLE_TESTABILITY = YES;
				GCC_C_LANGUAGE_STANDARD = gnu11;
				GCC_DYNAMIC_NO_PIC = NO;
				GCC_NO_COMMON_BLOCKS = YES;
				GCC_OPTIMIZATION_LEVEL = 0;
				GCC_PREPROCESSOR_DEFINITIONS = (
					"DEBUG=1",
					"$(inherited)",
				);
				GCC_WARN_64_TO_32_BIT_CONVERSION = YES;
				GCC_WARN_ABOUT_RETURN_TYPE = YES_ERROR;
				GCC_WARN_UNDECLARED_SELECTOR = YES;
				GCC_WARN_UNINITIALIZED_AUTOS = YES_AGGRESSIVE;
				GCC_WARN_UNUSED_FUNCTION = YES;
				GCC_WARN_UNUSED_VARIABLE = YES;
				IPHONEOS_DEPLOYMENT_TARGET = 14.5;
				MTL_ENABLE_DEBUG_INFO = INCLUDE_SOURCE;
				MTL_FAST_MATH = YES;
				ONLY_ACTIVE_ARCH = YES;
				SDKROOT = iphoneos;
				SWIFT_ACTIVE_COMPILATION_CONDITIONS = DEBUG;
				SWIFT_OPTIMIZATION_LEVEL = "-Onone";
			};
			name = Debug;
		};
		488D3A82269F0E5E00287A50 /* Release */ = {
			isa = XCBuildConfiguration;
			buildSettings = {
				ALWAYS_SEARCH_USER_PATHS = NO;
				CLANG_ANALYZER_NONNULL = YES;
				CLANG_ANALYZER_NUMBER_OBJECT_CONVERSION = YES_AGGRESSIVE;
				CLANG_CXX_LANGUAGE_STANDARD = "gnu++14";
				CLANG_CXX_LIBRARY = "libc++";
				CLANG_ENABLE_MODULES = YES;
				CLANG_ENABLE_OBJC_ARC = YES;
				CLANG_ENABLE_OBJC_WEAK = YES;
				CLANG_WARN_BLOCK_CAPTURE_AUTORELEASING = YES;
				CLANG_WARN_BOOL_CONVERSION = YES;
				CLANG_WARN_COMMA = YES;
				CLANG_WARN_CONSTANT_CONVERSION = YES;
				CLANG_WARN_DEPRECATED_OBJC_IMPLEMENTATIONS = YES;
				CLANG_WARN_DIRECT_OBJC_ISA_USAGE = YES_ERROR;
				CLANG_WARN_DOCUMENTATION_COMMENTS = YES;
				CLANG_WARN_EMPTY_BODY = YES;
				CLANG_WARN_ENUM_CONVERSION = YES;
				CLANG_WARN_INFINITE_RECURSION = YES;
				CLANG_WARN_INT_CONVERSION = YES;
				CLANG_WARN_NON_LITERAL_NULL_CONVERSION = YES;
				CLANG_WARN_OBJC_IMPLICIT_RETAIN_SELF = YES;
				CLANG_WARN_OBJC_LITERAL_CONVERSION = YES;
				CLANG_WARN_OBJC_ROOT_CLASS = YES_ERROR;
				CLANG_WARN_QUOTED_INCLUDE_IN_FRAMEWORK_HEADER = YES;
				CLANG_WARN_RANGE_LOOP_ANALYSIS = YES;
				CLANG_WARN_STRICT_PROTOTYPES = YES;
				CLANG_WARN_SUSPICIOUS_MOVE = YES;
				CLANG_WARN_UNGUARDED_AVAILABILITY = YES_AGGRESSIVE;
				CLANG_WARN_UNREACHABLE_CODE = YES;
				CLANG_WARN__DUPLICATE_METHOD_MATCH = YES;
				COPY_PHASE_STRIP = NO;
				DEBUG_INFORMATION_FORMAT = "dwarf-with-dsym";
				ENABLE_NS_ASSERTIONS = NO;
				ENABLE_STRICT_OBJC_MSGSEND = YES;
				GCC_C_LANGUAGE_STANDARD = gnu11;
				GCC_NO_COMMON_BLOCKS = YES;
				GCC_WARN_64_TO_32_BIT_CONVERSION = YES;
				GCC_WARN_ABOUT_RETURN_TYPE = YES_ERROR;
				GCC_WARN_UNDECLARED_SELECTOR = YES;
				GCC_WARN_UNINITIALIZED_AUTOS = YES_AGGRESSIVE;
				GCC_WARN_UNUSED_FUNCTION = YES;
				GCC_WARN_UNUSED_VARIABLE = YES;
				IPHONEOS_DEPLOYMENT_TARGET = 14.5;
				MTL_ENABLE_DEBUG_INFO = NO;
				MTL_FAST_MATH = YES;
				SDKROOT = iphoneos;
				SWIFT_COMPILATION_MODE = wholemodule;
				SWIFT_OPTIMIZATION_LEVEL = "-O";
				VALIDATE_PRODUCT = YES;
			};
			name = Release;
		};
		488D3A84269F0E5E00287A50 /* Debug */ = {
			isa = XCBuildConfiguration;
			buildSettings = {
				ASSETCATALOG_COMPILER_APPICON_NAME = AppIcon;
				ASSETCATALOG_COMPILER_GLOBAL_ACCENT_COLOR_NAME = AccentColor;
				CODE_SIGN_STYLE = Automatic;
				DEVELOPMENT_ASSET_PATHS = "\"RacoonAccountBook/Preview Content\"";
				DEVELOPMENT_TEAM = C4W6UUH267;
				ENABLE_PREVIEWS = YES;
				INFOPLIST_FILE = RacoonAccountBook/Info.plist;
				IPHONEOS_DEPLOYMENT_TARGET = 14.0;
				LD_RUNPATH_SEARCH_PATHS = (
					"$(inherited)",
					"@executable_path/Frameworks",
				);
				PRODUCT_BUNDLE_IDENTIFIER = com.racoon.RacoonAccountBook;
				PRODUCT_NAME = "浣熊财记";
				SWIFT_VERSION = 5.0;
				TARGETED_DEVICE_FAMILY = "1,2";
			};
			name = Debug;
		};
		488D3A85269F0E5E00287A50 /* Release */ = {
			isa = XCBuildConfiguration;
			buildSettings = {
				ASSETCATALOG_COMPILER_APPICON_NAME = AppIcon;
				ASSETCATALOG_COMPILER_GLOBAL_ACCENT_COLOR_NAME = AccentColor;
				CODE_SIGN_STYLE = Automatic;
				DEVELOPMENT_ASSET_PATHS = "\"RacoonAccountBook/Preview Content\"";
				DEVELOPMENT_TEAM = C4W6UUH267;
				ENABLE_PREVIEWS = YES;
				INFOPLIST_FILE = RacoonAccountBook/Info.plist;
				IPHONEOS_DEPLOYMENT_TARGET = 14.0;
				LD_RUNPATH_SEARCH_PATHS = (
					"$(inherited)",
					"@executable_path/Frameworks",
				);
				PRODUCT_BUNDLE_IDENTIFIER = com.racoon.RacoonAccountBook;
				PRODUCT_NAME = "浣熊财记";
				SWIFT_VERSION = 5.0;
				TARGETED_DEVICE_FAMILY = "1,2";
			};
			name = Release;
		};
/* End XCBuildConfiguration section */

/* Begin XCConfigurationList section */
		488D3A6F269F0E5B00287A50 /* Build configuration list for PBXProject "RacoonAccountBook" */ = {
			isa = XCConfigurationList;
			buildConfigurations = (
				488D3A81269F0E5E00287A50 /* Debug */,
				488D3A82269F0E5E00287A50 /* Release */,
			);
			defaultConfigurationIsVisible = 0;
			defaultConfigurationName = Release;
		};
		488D3A83269F0E5E00287A50 /* Build configuration list for PBXNativeTarget "RacoonAccountBook" */ = {
			isa = XCConfigurationList;
			buildConfigurations = (
				488D3A84269F0E5E00287A50 /* Debug */,
				488D3A85269F0E5E00287A50 /* Release */,
			);
			defaultConfigurationIsVisible = 0;
			defaultConfigurationName = Release;
		};
/* End XCConfigurationList section */

/* Begin XCRemoteSwiftPackageReference section */
		488D3AA3269F689A00287A50 /* XCRemoteSwiftPackageReference "SwiftDate" */ = {
			isa = XCRemoteSwiftPackageReference;
			repositoryURL = "https://github.com/malcommac/SwiftDate.git";
			requirement = {
				kind = upToNextMajorVersion;
				minimumVersion = 6.3.1;
			};
		};
/* End XCRemoteSwiftPackageReference section */

/* Begin XCSwiftPackageProductDependency section */
		488D3AA4269F689B00287A50 /* SwiftDate */ = {
			isa = XCSwiftPackageProductDependency;
			package = 488D3AA3269F689A00287A50 /* XCRemoteSwiftPackageReference "SwiftDate" */;
			productName = SwiftDate;
		};
/* End XCSwiftPackageProductDependency section */
	};
	rootObject = 488D3A6C269F0E5B00287A50 /* Project object */;
}
