// !$*UTF8*$!
{
	archiveVersion = 1;
	classes = {
	};
	objectVersion = 52;
	objects = {

/* Begin PBXBuildFile section */
		4823CD2D269FFE6900C7217F /* LargeButton.swift in Sources */ = {isa = PBXBuildFile; fileRef = 4823CD2C269FFE6900C7217F /* LargeButton.swift */; };
		482A322E26F9AF5800BDF958 /* WeChatBillInfo.swift in Sources */ = {isa = PBXBuildFile; fileRef = 482A322D26F9AF5800BDF958 /* WeChatBillInfo.swift */; };
		482A323026F9AFC000BDF958 /* Image+.swift in Sources */ = {isa = PBXBuildFile; fileRef = 482A322F26F9AFC000BDF958 /* Image+.swift */; };
		482A323226F9AFDF00BDF958 /* ImagePicker.swift in Sources */ = {isa = PBXBuildFile; fileRef = 482A323126F9AFDF00BDF958 /* ImagePicker.swift */; };
		482ADEA5273D6D7300B5C591 /* CardSeperatorView.swift in Sources */ = {isa = PBXBuildFile; fileRef = 482ADEA4273D6D7300B5C591 /* CardSeperatorView.swift */; };
		482ADEA7273D6F4000B5C591 /* StoryReportView.swift in Sources */ = {isa = PBXBuildFile; fileRef = 482ADEA6273D6F4000B5C591 /* StoryReportView.swift */; };
		482ADEAB273D83DC00B5C591 /* BriefReportView.swift in Sources */ = {isa = PBXBuildFile; fileRef = 482ADEAA273D83DC00B5C591 /* BriefReportView.swift */; };
		482DAB1D26EB34490071518F /* MultilineTagsForDisplay.swift in Sources */ = {isa = PBXBuildFile; fileRef = 482DAB1C26EB34490071518F /* MultilineTagsForDisplay.swift */; };
		4830D9C126B1FD1C007710FD /* NewMetaDataView.swift in Sources */ = {isa = PBXBuildFile; fileRef = 4830D9C026B1FD1C007710FD /* NewMetaDataView.swift */; };
		4830D9C426B1FDA5007710FD /* SingleExtraExpenseInfoView.swift in Sources */ = {isa = PBXBuildFile; fileRef = 4830D9C326B1FDA5007710FD /* SingleExtraExpenseInfoView.swift */; };
		4830D9CC26B25CF0007710FD /* ForWhoInputView.swift in Sources */ = {isa = PBXBuildFile; fileRef = 4830D9CB26B25CF0007710FD /* ForWhoInputView.swift */; };
		4830D9CE26B25D73007710FD /* ForWhoField.swift in Sources */ = {isa = PBXBuildFile; fileRef = 4830D9CD26B25D73007710FD /* ForWhoField.swift */; };
		4830D9D026B260A2007710FD /* SingleSomebodyView.swift in Sources */ = {isa = PBXBuildFile; fileRef = 4830D9CF26B260A2007710FD /* SingleSomebodyView.swift */; };
		4830D9D526B354A4007710FD /* SingleComponentView.swift in Sources */ = {isa = PBXBuildFile; fileRef = 4830D9D426B354A4007710FD /* SingleComponentView.swift */; };
		4830E28C26D00C0A00916DDC /* SheetConfig.swift in Sources */ = {isa = PBXBuildFile; fileRef = 4830E28B26D00C0A00916DDC /* SheetConfig.swift */; };
		48319C0C272712250077C3F6 /* PieChartView.swift in Sources */ = {isa = PBXBuildFile; fileRef = 48319C0A272712250077C3F6 /* PieChartView.swift */; };
		48319C0D272712250077C3F6 /* PieSliceView.swift in Sources */ = {isa = PBXBuildFile; fileRef = 48319C0B272712250077C3F6 /* PieSliceView.swift */; };
		483F48E9275FAFFF00E57BCC /* MonthExpensesView.swift in Sources */ = {isa = PBXBuildFile; fileRef = 483F48E8275FAFFE00E57BCC /* MonthExpensesView.swift */; };
		48433BD826C61A6F00F72244 /* OriginalText2LexicalClass.swift in Sources */ = {isa = PBXBuildFile; fileRef = 48433BD726C61A6F00F72244 /* OriginalText2LexicalClass.swift */; };
		4844ED3F26D0BD1D0037C09A /* SheetConfigModel.swift in Sources */ = {isa = PBXBuildFile; fileRef = 4844ED3E26D0BD1D0037C09A /* SheetConfigModel.swift */; };
		4844ED4326D10F6D0037C09A /* SuccessfullyAlert.swift in Sources */ = {isa = PBXBuildFile; fileRef = 4844ED4226D10F6D0037C09A /* SuccessfullyAlert.swift */; };
		484FA271275FC46C00FDE8E6 /* MeTab.swift in Sources */ = {isa = PBXBuildFile; fileRef = 484FA270275FC46C00FDE8E6 /* MeTab.swift */; };
		4852795D26E1082000F7B45B /* RAC+Expense.swift in Sources */ = {isa = PBXBuildFile; fileRef = 4852795C26E1082000F7B45B /* RAC+Expense.swift */; };
		4852795F26E10FE500F7B45B /* Someone+.swift in Sources */ = {isa = PBXBuildFile; fileRef = 4852795E26E10FE500F7B45B /* Someone+.swift */; };
		485DF2D126F5D6F9003F1DB7 /* ScreenshotImportSheet.swift in Sources */ = {isa = PBXBuildFile; fileRef = 485DF2D026F5D6F9003F1DB7 /* ScreenshotImportSheet.swift */; };
		485E4CB026E0C38F009E6162 /* Focus+.swift in Sources */ = {isa = PBXBuildFile; fileRef = 485E4CAF26E0C38F009E6162 /* Focus+.swift */; };
		486ECDF826AEFCEC00EF00B1 /* EmojiPicker.swift in Sources */ = {isa = PBXBuildFile; fileRef = 486ECDF726AEFCEC00EF00B1 /* EmojiPicker.swift */; };
		486ECDFA26B0D6D000EF00B1 /* OriginalText2SpentMoneyAt.swift in Sources */ = {isa = PBXBuildFile; fileRef = 486ECDF926B0D6D000EF00B1 /* OriginalText2SpentMoneyAt.swift */; };
		486ECDFD26B0E36200EF00B1 /* FocusSelectView.swift in Sources */ = {isa = PBXBuildFile; fileRef = 486ECDFC26B0E36200EF00B1 /* FocusSelectView.swift */; };
		486ECDFF26B0E36F00EF00B1 /* SingleFocusView.swift in Sources */ = {isa = PBXBuildFile; fileRef = 486ECDFE26B0E36F00EF00B1 /* SingleFocusView.swift */; };
		486ECE0326B0E81500EF00B1 /* MultilineFociView.swift in Sources */ = {isa = PBXBuildFile; fileRef = 486ECE0226B0E81500EF00B1 /* MultilineFociView.swift */; };
		4878A75B26AC652700DCBC8D /* String+.swift in Sources */ = {isa = PBXBuildFile; fileRef = 4878A75A26AC652700DCBC8D /* String+.swift */; };
		4878A75E26AC65D600DCBC8D /* OriginalText2Amount.swift in Sources */ = {isa = PBXBuildFile; fileRef = 4878A75D26AC65D600DCBC8D /* OriginalText2Amount.swift */; };
		4878A76026AC68D400DCBC8D /* OriginalText2GeneratedTags.swift in Sources */ = {isa = PBXBuildFile; fileRef = 4878A75F26AC68D400DCBC8D /* OriginalText2GeneratedTags.swift */; };
		4878A76226AC6AA900DCBC8D /* OriginalText2Event.swift in Sources */ = {isa = PBXBuildFile; fileRef = 4878A76126AC6AA900DCBC8D /* OriginalText2Event.swift */; };
		4878A76526AD926C00DCBC8D /* OriginalTextField.swift in Sources */ = {isa = PBXBuildFile; fileRef = 4878A76426AD926C00DCBC8D /* OriginalTextField.swift */; };
		4878A76726AD931B00DCBC8D /* AmountField.swift in Sources */ = {isa = PBXBuildFile; fileRef = 4878A76626AD931B00DCBC8D /* AmountField.swift */; };
		4878A76926AD93DD00DCBC8D /* ExpenseInfoCommomTextField.swift in Sources */ = {isa = PBXBuildFile; fileRef = 4878A76826AD93DD00DCBC8D /* ExpenseInfoCommomTextField.swift */; };
		4878A76B26AD944900DCBC8D /* TagField.swift in Sources */ = {isa = PBXBuildFile; fileRef = 4878A76A26AD944900DCBC8D /* TagField.swift */; };
		4878A76E26AD962F00DCBC8D /* TagsInputView.swift in Sources */ = {isa = PBXBuildFile; fileRef = 4878A76D26AD962F00DCBC8D /* TagsInputView.swift */; };
		4878A77026AD9BBA00DCBC8D /* Array+.swift in Sources */ = {isa = PBXBuildFile; fileRef = 4878A76F26AD9BBA00DCBC8D /* Array+.swift */; };
		4878A77226ADAA8000DCBC8D /* MultilineTagsViewForModify.swift in Sources */ = {isa = PBXBuildFile; fileRef = 4878A77126ADAA8000DCBC8D /* MultilineTagsViewForModify.swift */; };
		4878A77426ADAF1E00DCBC8D /* SingleTagViewForModify.swift in Sources */ = {isa = PBXBuildFile; fileRef = 4878A77326ADAF1E00DCBC8D /* SingleTagViewForModify.swift */; };
		4878A77626ADBD5D00DCBC8D /* TagsSuggestionView.swift in Sources */ = {isa = PBXBuildFile; fileRef = 4878A77526ADBD5D00DCBC8D /* TagsSuggestionView.swift */; };
		4878A77926AE8CE900DCBC8D /* StoryInputView.swift in Sources */ = {isa = PBXBuildFile; fileRef = 4878A77826AE8CE900DCBC8D /* StoryInputView.swift */; };
		4878A77B26AE8DB800DCBC8D /* StoryField.swift in Sources */ = {isa = PBXBuildFile; fileRef = 4878A77A26AE8DB800DCBC8D /* StoryField.swift */; };
		487FA76A26E2448E00DD924F /* Expense+Analysis.swift in Sources */ = {isa = PBXBuildFile; fileRef = 487FA76926E2448E00DD924F /* Expense+Analysis.swift */; };
		487FA76C26E244CF00DD924F /* Expense+FetchRequests.swift in Sources */ = {isa = PBXBuildFile; fileRef = 487FA76B26E244CF00DD924F /* Expense+FetchRequests.swift */; };
		487FA76E26E244E000DD924F /* Expense+FetchData.swift in Sources */ = {isa = PBXBuildFile; fileRef = 487FA76D26E244E000DD924F /* Expense+FetchData.swift */; };
		487FA77026E244F000DD924F /* Expense+Attributes.swift in Sources */ = {isa = PBXBuildFile; fileRef = 487FA76F26E244F000DD924F /* Expense+Attributes.swift */; };
		487FA77226E2450000DD924F /* Expense+CombinedDataStructure.swift in Sources */ = {isa = PBXBuildFile; fileRef = 487FA77126E2450000DD924F /* Expense+CombinedDataStructure.swift */; };
		48888B3C271AFBD500CC9E11 /* FocusChartView.swift in Sources */ = {isa = PBXBuildFile; fileRef = 48888B3B271AFBD500CC9E11 /* FocusChartView.swift */; };
		488D3A78269F0E5B00287A50 /* RacoonAccountBookApp.swift in Sources */ = {isa = PBXBuildFile; fileRef = 488D3A77269F0E5B00287A50 /* RacoonAccountBookApp.swift */; };
		488D3A7A269F0E5B00287A50 /* MainView.swift in Sources */ = {isa = PBXBuildFile; fileRef = 488D3A79269F0E5B00287A50 /* MainView.swift */; };
		488D3A7C269F0E5E00287A50 /* Assets.xcassets in Resources */ = {isa = PBXBuildFile; fileRef = 488D3A7B269F0E5E00287A50 /* Assets.xcassets */; };
		488D3A7F269F0E5E00287A50 /* Preview Assets.xcassets in Resources */ = {isa = PBXBuildFile; fileRef = 488D3A7E269F0E5E00287A50 /* Preview Assets.xcassets */; };
		488D3A90269F0F5500287A50 /* ExpenseSheet.swift in Sources */ = {isa = PBXBuildFile; fileRef = 488D3A8F269F0F5500287A50 /* ExpenseSheet.swift */; };
		488D3A92269F0F5E00287A50 /* BookTab.swift in Sources */ = {isa = PBXBuildFile; fileRef = 488D3A91269F0F5E00287A50 /* BookTab.swift */; };
		488D3A96269F188100287A50 /* ReportTab.swift in Sources */ = {isa = PBXBuildFile; fileRef = 488D3A95269F188100287A50 /* ReportTab.swift */; };
		488D3A9F269F42AF00287A50 /* PutKeyboardBack.swift in Sources */ = {isa = PBXBuildFile; fileRef = 488D3A9E269F42AF00287A50 /* PutKeyboardBack.swift */; };
		488D3AA1269F5A2A00287A50 /* ExpenseView.swift in Sources */ = {isa = PBXBuildFile; fileRef = 488D3AA0269F5A2A00287A50 /* ExpenseView.swift */; };
		488D3AA5269F689B00287A50 /* SwiftDate in Frameworks */ = {isa = PBXBuildFile; productRef = 488D3AA4269F689B00287A50 /* SwiftDate */; };
		488D3AA7269F6AD000287A50 /* Date+.swift in Sources */ = {isa = PBXBuildFile; fileRef = 488D3AA6269F6AD000287A50 /* Date+.swift */; };
		488D3AA9269F837300287A50 /* Binding+Optional.swift in Sources */ = {isa = PBXBuildFile; fileRef = 488D3AA8269F837300287A50 /* Binding+Optional.swift */; };
		488D3AAB269F86E400287A50 /* TestExpenseInfo.swift in Sources */ = {isa = PBXBuildFile; fileRef = 488D3AAA269F86E400287A50 /* TestExpenseInfo.swift */; };
		488D3AAE269F8C5400287A50 /* Print+.swift in Sources */ = {isa = PBXBuildFile; fileRef = 488D3AAD269F8C5400287A50 /* Print+.swift */; };
		488D3AB0269F8F2F00287A50 /* ExpenseInfo.swift in Sources */ = {isa = PBXBuildFile; fileRef = 488D3AAF269F8F2F00287A50 /* ExpenseInfo.swift */; };
		488EA1F4271C0E7800311183 /* SideMenu_Settings.swift in Sources */ = {isa = PBXBuildFile; fileRef = 488EA1F3271C0E7800311183 /* SideMenu_Settings.swift */; };
		488EA1F6271C0EA400311183 /* SideMenu_About.swift in Sources */ = {isa = PBXBuildFile; fileRef = 488EA1F5271C0EA400311183 /* SideMenu_About.swift */; };
		488EA1F8271C114B00311183 /* FocusModifyView.swift in Sources */ = {isa = PBXBuildFile; fileRef = 488EA1F7271C114B00311183 /* FocusModifyView.swift */; };
		488EA1FA271C115200311183 /* MultilineFocusViewForModify.swift in Sources */ = {isa = PBXBuildFile; fileRef = 488EA1F9271C115200311183 /* MultilineFocusViewForModify.swift */; };
		488EA1FD271C11FA00311183 /* SingleFocusViewForModify.swift in Sources */ = {isa = PBXBuildFile; fileRef = 488EA1FC271C11FA00311183 /* SingleFocusViewForModify.swift */; };
		488EA1FF271C13C000311183 /* FocusField.swift in Sources */ = {isa = PBXBuildFile; fileRef = 488EA1FE271C13C000311183 /* FocusField.swift */; };
		4897FE9C26AC0CCC001AE9BA /* FloatingAddButton.swift in Sources */ = {isa = PBXBuildFile; fileRef = 4897FE9B26AC0CCC001AE9BA /* FloatingAddButton.swift */; };
		48B40E2D26AAE05C0030AAF6 /* SwiftSpeech in Frameworks */ = {isa = PBXBuildFile; productRef = 48B40E2C26AAE05C0030AAF6 /* SwiftSpeech */; };
		48B40E2F26AAE0F20030AAF6 /* VoiceInputView.swift in Sources */ = {isa = PBXBuildFile; fileRef = 48B40E2E26AAE0F20030AAF6 /* VoiceInputView.swift */; };
		48B40E3126AAE1290030AAF6 /* Locale+.swift in Sources */ = {isa = PBXBuildFile; fileRef = 48B40E3026AAE1290030AAF6 /* Locale+.swift */; };
		48C1FBC8271BFDB5008AB95A /* Launch Screen.storyboard in Resources */ = {isa = PBXBuildFile; fileRef = 48C1FBC7271BFDB5008AB95A /* Launch Screen.storyboard */; };
		48C6360326A44B0B00E7BF15 /* IncomeExpenditureView.swift in Sources */ = {isa = PBXBuildFile; fileRef = 48C6360226A44B0B00E7BF15 /* IncomeExpenditureView.swift */; };
		48C8D8E426A2B98B00E61A01 /* StarButtonView.swift in Sources */ = {isa = PBXBuildFile; fileRef = 48C8D8E326A2B98B00E61A01 /* StarButtonView.swift */; };
		48D8907C273E7ADF008F1971 /* HabitReportCardContent.swift in Sources */ = {isa = PBXBuildFile; fileRef = 48D8907B273E7ADF008F1971 /* HabitReportCardContent.swift */; };
		48D8907E273E7AFF008F1971 /* StoryReportCardContent.swift in Sources */ = {isa = PBXBuildFile; fileRef = 48D8907D273E7AFF008F1971 /* StoryReportCardContent.swift */; };
		48D89080273E8493008F1971 /* ReportItemView.swift in Sources */ = {isa = PBXBuildFile; fileRef = 48D8907F273E8493008F1971 /* ReportItemView.swift */; };
		48F0A09C26A4CED6004898C0 /* DayExpensesView.swift in Sources */ = {isa = PBXBuildFile; fileRef = 48F0A09B26A4CED6004898C0 /* DayExpensesView.swift */; };
		48F0A09E26A55DFA004898C0 /* StoryTab.swift in Sources */ = {isa = PBXBuildFile; fileRef = 48F0A09D26A55DF9004898C0 /* StoryTab.swift */; };
		48F35BD026EC2B66003B570D /* ColorSet.swift in Sources */ = {isa = PBXBuildFile; fileRef = 48F35BCF26EC2B66003B570D /* ColorSet.swift */; };
		48F35BD226EC2F3C003B570D /* Color+.swift in Sources */ = {isa = PBXBuildFile; fileRef = 48F35BD126EC2F3C003B570D /* Color+.swift */; };
		6E18D16E26D158A9006AD12F /* Tag+.swift in Sources */ = {isa = PBXBuildFile; fileRef = 6E18D16D26D158A9006AD12F /* Tag+.swift */; };
		6E6EA6A626AD50D80084055E /* RatingView.swift in Sources */ = {isa = PBXBuildFile; fileRef = 6E6EA6A526AD50D80084055E /* RatingView.swift */; };
		6EA41F1726EC5373001E7D8E /* SwiftSpeech+.swift in Sources */ = {isa = PBXBuildFile; fileRef = 6EA41F1626EC5373001E7D8E /* SwiftSpeech+.swift */; };
		6EBB7ABB26B27680004E692B /* ExReportCardContent.swift in Sources */ = {isa = PBXBuildFile; fileRef = 6EBB7ABA26B27680004E692B /* ExReportCardContent.swift */; };
		6EEE01B626D0EE6C006797E8 /* AccountBook.xcdatamodeld in Sources */ = {isa = PBXBuildFile; fileRef = 6EEE01B426D0EE6C006797E8 /* AccountBook.xcdatamodeld */; };
		6EEE01B826D0EEE4006797E8 /* Persistence.swift in Sources */ = {isa = PBXBuildFile; fileRef = 6EEE01B726D0EEE4006797E8 /* Persistence.swift */; };
		6EEE01BB26D115D1006797E8 /* Expense+DataOperation.swift in Sources */ = {isa = PBXBuildFile; fileRef = 6EEE01BA26D115D1006797E8 /* Expense+DataOperation.swift */; };
		6EEE01BD26D12533006797E8 /* Story+.swift in Sources */ = {isa = PBXBuildFile; fileRef = 6EEE01BC26D12533006797E8 /* Story+.swift */; };
/* End PBXBuildFile section */

/* Begin PBXFileReference section */
		4823CD2C269FFE6900C7217F /* LargeButton.swift */ = {isa = PBXFileReference; lastKnownFileType = sourcecode.swift; path = LargeButton.swift; sourceTree = "<group>"; };
		482A322D26F9AF5800BDF958 /* WeChatBillInfo.swift */ = {isa = PBXFileReference; lastKnownFileType = sourcecode.swift; path = WeChatBillInfo.swift; sourceTree = "<group>"; };
		482A322F26F9AFC000BDF958 /* Image+.swift */ = {isa = PBXFileReference; lastKnownFileType = sourcecode.swift; path = "Image+.swift"; sourceTree = "<group>"; };
		482A323126F9AFDF00BDF958 /* ImagePicker.swift */ = {isa = PBXFileReference; lastKnownFileType = sourcecode.swift; path = ImagePicker.swift; sourceTree = "<group>"; };
		482ADEA4273D6D7300B5C591 /* CardSeperatorView.swift */ = {isa = PBXFileReference; lastKnownFileType = sourcecode.swift; path = CardSeperatorView.swift; sourceTree = "<group>"; };
		482ADEA6273D6F4000B5C591 /* StoryReportView.swift */ = {isa = PBXFileReference; lastKnownFileType = sourcecode.swift; path = StoryReportView.swift; sourceTree = "<group>"; };
		482ADEAA273D83DC00B5C591 /* BriefReportView.swift */ = {isa = PBXFileReference; lastKnownFileType = sourcecode.swift; path = BriefReportView.swift; sourceTree = "<group>"; };
		482DAB1C26EB34490071518F /* MultilineTagsForDisplay.swift */ = {isa = PBXFileReference; lastKnownFileType = sourcecode.swift; path = MultilineTagsForDisplay.swift; sourceTree = "<group>"; };
		4830D9C026B1FD1C007710FD /* NewMetaDataView.swift */ = {isa = PBXFileReference; lastKnownFileType = sourcecode.swift; path = NewMetaDataView.swift; sourceTree = "<group>"; };
		4830D9C326B1FDA5007710FD /* SingleExtraExpenseInfoView.swift */ = {isa = PBXFileReference; lastKnownFileType = sourcecode.swift; path = SingleExtraExpenseInfoView.swift; sourceTree = "<group>"; };
		4830D9CB26B25CF0007710FD /* ForWhoInputView.swift */ = {isa = PBXFileReference; lastKnownFileType = sourcecode.swift; path = ForWhoInputView.swift; sourceTree = "<group>"; };
		4830D9CD26B25D73007710FD /* ForWhoField.swift */ = {isa = PBXFileReference; lastKnownFileType = sourcecode.swift; path = ForWhoField.swift; sourceTree = "<group>"; };
		4830D9CF26B260A2007710FD /* SingleSomebodyView.swift */ = {isa = PBXFileReference; lastKnownFileType = sourcecode.swift; path = SingleSomebodyView.swift; sourceTree = "<group>"; };
		4830D9D426B354A4007710FD /* SingleComponentView.swift */ = {isa = PBXFileReference; lastKnownFileType = sourcecode.swift; path = SingleComponentView.swift; sourceTree = "<group>"; };
		4830E28B26D00C0A00916DDC /* SheetConfig.swift */ = {isa = PBXFileReference; lastKnownFileType = sourcecode.swift; path = SheetConfig.swift; sourceTree = "<group>"; };
		48319C0A272712250077C3F6 /* PieChartView.swift */ = {isa = PBXFileReference; fileEncoding = 4; lastKnownFileType = sourcecode.swift; path = PieChartView.swift; sourceTree = "<group>"; };
		48319C0B272712250077C3F6 /* PieSliceView.swift */ = {isa = PBXFileReference; fileEncoding = 4; lastKnownFileType = sourcecode.swift; path = PieSliceView.swift; sourceTree = "<group>"; };
		483F48E8275FAFFE00E57BCC /* MonthExpensesView.swift */ = {isa = PBXFileReference; lastKnownFileType = sourcecode.swift; path = MonthExpensesView.swift; sourceTree = "<group>"; };
		48433BD726C61A6F00F72244 /* OriginalText2LexicalClass.swift */ = {isa = PBXFileReference; lastKnownFileType = sourcecode.swift; path = OriginalText2LexicalClass.swift; sourceTree = "<group>"; };
		4844ED3E26D0BD1D0037C09A /* SheetConfigModel.swift */ = {isa = PBXFileReference; lastKnownFileType = sourcecode.swift; path = SheetConfigModel.swift; sourceTree = "<group>"; };
		4844ED4226D10F6D0037C09A /* SuccessfullyAlert.swift */ = {isa = PBXFileReference; lastKnownFileType = sourcecode.swift; path = SuccessfullyAlert.swift; sourceTree = "<group>"; };
		484FA270275FC46C00FDE8E6 /* MeTab.swift */ = {isa = PBXFileReference; lastKnownFileType = sourcecode.swift; path = MeTab.swift; sourceTree = "<group>"; };
		4852795C26E1082000F7B45B /* RAC+Expense.swift */ = {isa = PBXFileReference; lastKnownFileType = sourcecode.swift; path = "RAC+Expense.swift"; sourceTree = "<group>"; };
		4852795E26E10FE500F7B45B /* Someone+.swift */ = {isa = PBXFileReference; lastKnownFileType = sourcecode.swift; path = "Someone+.swift"; sourceTree = "<group>"; };
		485DF2D026F5D6F9003F1DB7 /* ScreenshotImportSheet.swift */ = {isa = PBXFileReference; lastKnownFileType = sourcecode.swift; path = ScreenshotImportSheet.swift; sourceTree = "<group>"; };
		485E4CAF26E0C38F009E6162 /* Focus+.swift */ = {isa = PBXFileReference; lastKnownFileType = sourcecode.swift; path = "Focus+.swift"; sourceTree = "<group>"; };
		486ECDF726AEFCEC00EF00B1 /* EmojiPicker.swift */ = {isa = PBXFileReference; lastKnownFileType = sourcecode.swift; path = EmojiPicker.swift; sourceTree = "<group>"; };
		486ECDF926B0D6D000EF00B1 /* OriginalText2SpentMoneyAt.swift */ = {isa = PBXFileReference; lastKnownFileType = sourcecode.swift; path = OriginalText2SpentMoneyAt.swift; sourceTree = "<group>"; };
		486ECDFC26B0E36200EF00B1 /* FocusSelectView.swift */ = {isa = PBXFileReference; lastKnownFileType = sourcecode.swift; path = FocusSelectView.swift; sourceTree = "<group>"; };
		486ECDFE26B0E36F00EF00B1 /* SingleFocusView.swift */ = {isa = PBXFileReference; lastKnownFileType = sourcecode.swift; path = SingleFocusView.swift; sourceTree = "<group>"; };
		486ECE0226B0E81500EF00B1 /* MultilineFociView.swift */ = {isa = PBXFileReference; lastKnownFileType = sourcecode.swift; path = MultilineFociView.swift; sourceTree = "<group>"; };
		4878A75A26AC652700DCBC8D /* String+.swift */ = {isa = PBXFileReference; lastKnownFileType = sourcecode.swift; path = "String+.swift"; sourceTree = "<group>"; };
		4878A75D26AC65D600DCBC8D /* OriginalText2Amount.swift */ = {isa = PBXFileReference; lastKnownFileType = sourcecode.swift; path = OriginalText2Amount.swift; sourceTree = "<group>"; };
		4878A75F26AC68D400DCBC8D /* OriginalText2GeneratedTags.swift */ = {isa = PBXFileReference; lastKnownFileType = sourcecode.swift; path = OriginalText2GeneratedTags.swift; sourceTree = "<group>"; };
		4878A76126AC6AA900DCBC8D /* OriginalText2Event.swift */ = {isa = PBXFileReference; lastKnownFileType = sourcecode.swift; path = OriginalText2Event.swift; sourceTree = "<group>"; };
		4878A76426AD926C00DCBC8D /* OriginalTextField.swift */ = {isa = PBXFileReference; lastKnownFileType = sourcecode.swift; path = OriginalTextField.swift; sourceTree = "<group>"; };
		4878A76626AD931B00DCBC8D /* AmountField.swift */ = {isa = PBXFileReference; lastKnownFileType = sourcecode.swift; path = AmountField.swift; sourceTree = "<group>"; };
		4878A76826AD93DD00DCBC8D /* ExpenseInfoCommomTextField.swift */ = {isa = PBXFileReference; lastKnownFileType = sourcecode.swift; path = ExpenseInfoCommomTextField.swift; sourceTree = "<group>"; };
		4878A76A26AD944900DCBC8D /* TagField.swift */ = {isa = PBXFileReference; lastKnownFileType = sourcecode.swift; path = TagField.swift; sourceTree = "<group>"; };
		4878A76D26AD962F00DCBC8D /* TagsInputView.swift */ = {isa = PBXFileReference; lastKnownFileType = sourcecode.swift; path = TagsInputView.swift; sourceTree = "<group>"; };
		4878A76F26AD9BBA00DCBC8D /* Array+.swift */ = {isa = PBXFileReference; lastKnownFileType = sourcecode.swift; path = "Array+.swift"; sourceTree = "<group>"; };
		4878A77126ADAA8000DCBC8D /* MultilineTagsViewForModify.swift */ = {isa = PBXFileReference; lastKnownFileType = sourcecode.swift; path = MultilineTagsViewForModify.swift; sourceTree = "<group>"; };
		4878A77326ADAF1E00DCBC8D /* SingleTagViewForModify.swift */ = {isa = PBXFileReference; lastKnownFileType = sourcecode.swift; path = SingleTagViewForModify.swift; sourceTree = "<group>"; };
		4878A77526ADBD5D00DCBC8D /* TagsSuggestionView.swift */ = {isa = PBXFileReference; lastKnownFileType = sourcecode.swift; path = TagsSuggestionView.swift; sourceTree = "<group>"; };
		4878A77826AE8CE900DCBC8D /* StoryInputView.swift */ = {isa = PBXFileReference; lastKnownFileType = sourcecode.swift; path = StoryInputView.swift; sourceTree = "<group>"; };
		4878A77A26AE8DB800DCBC8D /* StoryField.swift */ = {isa = PBXFileReference; lastKnownFileType = sourcecode.swift; path = StoryField.swift; sourceTree = "<group>"; };
		487FA76926E2448E00DD924F /* Expense+Analysis.swift */ = {isa = PBXFileReference; lastKnownFileType = sourcecode.swift; path = "Expense+Analysis.swift"; sourceTree = "<group>"; };
		487FA76B26E244CF00DD924F /* Expense+FetchRequests.swift */ = {isa = PBXFileReference; lastKnownFileType = sourcecode.swift; path = "Expense+FetchRequests.swift"; sourceTree = "<group>"; };
		487FA76D26E244E000DD924F /* Expense+FetchData.swift */ = {isa = PBXFileReference; lastKnownFileType = sourcecode.swift; path = "Expense+FetchData.swift"; sourceTree = "<group>"; };
		487FA76F26E244F000DD924F /* Expense+Attributes.swift */ = {isa = PBXFileReference; lastKnownFileType = sourcecode.swift; path = "Expense+Attributes.swift"; sourceTree = "<group>"; };
		487FA77126E2450000DD924F /* Expense+CombinedDataStructure.swift */ = {isa = PBXFileReference; lastKnownFileType = sourcecode.swift; path = "Expense+CombinedDataStructure.swift"; sourceTree = "<group>"; };
		48888B3B271AFBD500CC9E11 /* FocusChartView.swift */ = {isa = PBXFileReference; lastKnownFileType = sourcecode.swift; path = FocusChartView.swift; sourceTree = "<group>"; };
		488D3A74269F0E5B00287A50 /* 浣熊财记.app */ = {isa = PBXFileReference; explicitFileType = wrapper.application; includeInIndex = 0; path = "浣熊财记.app"; sourceTree = BUILT_PRODUCTS_DIR; };
		488D3A77269F0E5B00287A50 /* RacoonAccountBookApp.swift */ = {isa = PBXFileReference; lastKnownFileType = sourcecode.swift; path = RacoonAccountBookApp.swift; sourceTree = "<group>"; };
		488D3A79269F0E5B00287A50 /* MainView.swift */ = {isa = PBXFileReference; lastKnownFileType = sourcecode.swift; path = MainView.swift; sourceTree = "<group>"; };
		488D3A7B269F0E5E00287A50 /* Assets.xcassets */ = {isa = PBXFileReference; lastKnownFileType = folder.assetcatalog; path = Assets.xcassets; sourceTree = "<group>"; };
		488D3A7E269F0E5E00287A50 /* Preview Assets.xcassets */ = {isa = PBXFileReference; lastKnownFileType = folder.assetcatalog; path = "Preview Assets.xcassets"; sourceTree = "<group>"; };
		488D3A80269F0E5E00287A50 /* Info.plist */ = {isa = PBXFileReference; lastKnownFileType = text.plist.xml; path = Info.plist; sourceTree = "<group>"; };
		488D3A8F269F0F5500287A50 /* ExpenseSheet.swift */ = {isa = PBXFileReference; lastKnownFileType = sourcecode.swift; path = ExpenseSheet.swift; sourceTree = "<group>"; };
		488D3A91269F0F5E00287A50 /* BookTab.swift */ = {isa = PBXFileReference; lastKnownFileType = sourcecode.swift; path = BookTab.swift; sourceTree = "<group>"; };
		488D3A95269F188100287A50 /* ReportTab.swift */ = {isa = PBXFileReference; lastKnownFileType = sourcecode.swift; path = ReportTab.swift; sourceTree = "<group>"; };
		488D3A9E269F42AF00287A50 /* PutKeyboardBack.swift */ = {isa = PBXFileReference; lastKnownFileType = sourcecode.swift; path = PutKeyboardBack.swift; sourceTree = "<group>"; };
		488D3AA0269F5A2A00287A50 /* ExpenseView.swift */ = {isa = PBXFileReference; lastKnownFileType = sourcecode.swift; path = ExpenseView.swift; sourceTree = "<group>"; };
		488D3AA6269F6AD000287A50 /* Date+.swift */ = {isa = PBXFileReference; lastKnownFileType = sourcecode.swift; path = "Date+.swift"; sourceTree = "<group>"; };
		488D3AA8269F837300287A50 /* Binding+Optional.swift */ = {isa = PBXFileReference; lastKnownFileType = sourcecode.swift; path = "Binding+Optional.swift"; sourceTree = "<group>"; };
		488D3AAA269F86E400287A50 /* TestExpenseInfo.swift */ = {isa = PBXFileReference; lastKnownFileType = sourcecode.swift; path = TestExpenseInfo.swift; sourceTree = "<group>"; };
		488D3AAD269F8C5400287A50 /* Print+.swift */ = {isa = PBXFileReference; lastKnownFileType = sourcecode.swift; path = "Print+.swift"; sourceTree = "<group>"; };
		488D3AAF269F8F2F00287A50 /* ExpenseInfo.swift */ = {isa = PBXFileReference; lastKnownFileType = sourcecode.swift; path = ExpenseInfo.swift; sourceTree = "<group>"; };
		488EA1F3271C0E7800311183 /* SideMenu_Settings.swift */ = {isa = PBXFileReference; lastKnownFileType = sourcecode.swift; path = SideMenu_Settings.swift; sourceTree = "<group>"; };
		488EA1F5271C0EA400311183 /* SideMenu_About.swift */ = {isa = PBXFileReference; lastKnownFileType = sourcecode.swift; path = SideMenu_About.swift; sourceTree = "<group>"; };
		488EA1F7271C114B00311183 /* FocusModifyView.swift */ = {isa = PBXFileReference; lastKnownFileType = sourcecode.swift; path = FocusModifyView.swift; sourceTree = "<group>"; };
		488EA1F9271C115200311183 /* MultilineFocusViewForModify.swift */ = {isa = PBXFileReference; lastKnownFileType = sourcecode.swift; path = MultilineFocusViewForModify.swift; sourceTree = "<group>"; };
		488EA1FC271C11FA00311183 /* SingleFocusViewForModify.swift */ = {isa = PBXFileReference; lastKnownFileType = sourcecode.swift; path = SingleFocusViewForModify.swift; sourceTree = "<group>"; };
		488EA1FE271C13C000311183 /* FocusField.swift */ = {isa = PBXFileReference; lastKnownFileType = sourcecode.swift; path = FocusField.swift; sourceTree = "<group>"; };
		4897FE9B26AC0CCC001AE9BA /* FloatingAddButton.swift */ = {isa = PBXFileReference; lastKnownFileType = sourcecode.swift; path = FloatingAddButton.swift; sourceTree = "<group>"; };
		48B40E2E26AAE0F20030AAF6 /* VoiceInputView.swift */ = {isa = PBXFileReference; lastKnownFileType = sourcecode.swift; path = VoiceInputView.swift; sourceTree = "<group>"; };
		48B40E3026AAE1290030AAF6 /* Locale+.swift */ = {isa = PBXFileReference; lastKnownFileType = sourcecode.swift; path = "Locale+.swift"; sourceTree = "<group>"; };
		48C1FBC7271BFDB5008AB95A /* Launch Screen.storyboard */ = {isa = PBXFileReference; lastKnownFileType = file.storyboard; path = "Launch Screen.storyboard"; sourceTree = "<group>"; };
		48C6360226A44B0B00E7BF15 /* IncomeExpenditureView.swift */ = {isa = PBXFileReference; lastKnownFileType = sourcecode.swift; path = IncomeExpenditureView.swift; sourceTree = "<group>"; };
		48C8D8E326A2B98B00E61A01 /* StarButtonView.swift */ = {isa = PBXFileReference; lastKnownFileType = sourcecode.swift; path = StarButtonView.swift; sourceTree = "<group>"; };
		48D8907B273E7ADF008F1971 /* HabitReportCardContent.swift */ = {isa = PBXFileReference; lastKnownFileType = sourcecode.swift; path = HabitReportCardContent.swift; sourceTree = "<group>"; };
		48D8907D273E7AFF008F1971 /* StoryReportCardContent.swift */ = {isa = PBXFileReference; lastKnownFileType = sourcecode.swift; path = StoryReportCardContent.swift; sourceTree = "<group>"; };
		48D8907F273E8493008F1971 /* ReportItemView.swift */ = {isa = PBXFileReference; lastKnownFileType = sourcecode.swift; path = ReportItemView.swift; sourceTree = "<group>"; };
		48F0A09B26A4CED6004898C0 /* DayExpensesView.swift */ = {isa = PBXFileReference; lastKnownFileType = sourcecode.swift; path = DayExpensesView.swift; sourceTree = "<group>"; };
		48F0A09D26A55DF9004898C0 /* StoryTab.swift */ = {isa = PBXFileReference; lastKnownFileType = sourcecode.swift; path = StoryTab.swift; sourceTree = "<group>"; };
		48F35BCF26EC2B66003B570D /* ColorSet.swift */ = {isa = PBXFileReference; lastKnownFileType = sourcecode.swift; path = ColorSet.swift; sourceTree = "<group>"; };
		48F35BD126EC2F3C003B570D /* Color+.swift */ = {isa = PBXFileReference; lastKnownFileType = sourcecode.swift; path = "Color+.swift"; sourceTree = "<group>"; };
		6E18D16D26D158A9006AD12F /* Tag+.swift */ = {isa = PBXFileReference; lastKnownFileType = sourcecode.swift; path = "Tag+.swift"; sourceTree = "<group>"; };
		6E6EA6A526AD50D80084055E /* RatingView.swift */ = {isa = PBXFileReference; lastKnownFileType = sourcecode.swift; path = RatingView.swift; sourceTree = "<group>"; };
		6EA41F1626EC5373001E7D8E /* SwiftSpeech+.swift */ = {isa = PBXFileReference; lastKnownFileType = sourcecode.swift; path = "SwiftSpeech+.swift"; sourceTree = "<group>"; };
		6EBB7ABA26B27680004E692B /* ExReportCardContent.swift */ = {isa = PBXFileReference; lastKnownFileType = sourcecode.swift; path = ExReportCardContent.swift; sourceTree = "<group>"; };
		6EEE01B526D0EE6C006797E8 /* Model.xcdatamodel */ = {isa = PBXFileReference; lastKnownFileType = wrapper.xcdatamodel; path = Model.xcdatamodel; sourceTree = "<group>"; };
		6EEE01B726D0EEE4006797E8 /* Persistence.swift */ = {isa = PBXFileReference; lastKnownFileType = sourcecode.swift; path = Persistence.swift; sourceTree = "<group>"; };
		6EEE01BA26D115D1006797E8 /* Expense+DataOperation.swift */ = {isa = PBXFileReference; lastKnownFileType = sourcecode.swift; path = "Expense+DataOperation.swift"; sourceTree = "<group>"; };
		6EEE01BC26D12533006797E8 /* Story+.swift */ = {isa = PBXFileReference; lastKnownFileType = sourcecode.swift; path = "Story+.swift"; sourceTree = "<group>"; };
/* End PBXFileReference section */

/* Begin PBXFrameworksBuildPhase section */
		488D3A71269F0E5B00287A50 /* Frameworks */ = {
			isa = PBXFrameworksBuildPhase;
			buildActionMask = 2147483647;
			files = (
				48B40E2D26AAE05C0030AAF6 /* SwiftSpeech in Frameworks */,
				488D3AA5269F689B00287A50 /* SwiftDate in Frameworks */,
			);
			runOnlyForDeploymentPostprocessing = 0;
		};
/* End PBXFrameworksBuildPhase section */

/* Begin PBXGroup section */
		482A322A26F9AE1B00BDF958 /* ScreenshotImport */ = {
			isa = PBXGroup;
			children = (
				485DF2D026F5D6F9003F1DB7 /* ScreenshotImportSheet.swift */,
				482A322D26F9AF5800BDF958 /* WeChatBillInfo.swift */,
			);
			path = ScreenshotImport;
			sourceTree = "<group>";
		};
		482A322B26F9AE4100BDF958 /* Modules */ = {
			isa = PBXGroup;
			children = (
				482A322C26F9AE6C00BDF958 /* VoiceInput */,
				4844ED4126D0D7FF0037C09A /* Expense */,
				482A322A26F9AE1B00BDF958 /* ScreenshotImport */,
			);
			path = Modules;
			sourceTree = "<group>";
		};
		482A322C26F9AE6C00BDF958 /* VoiceInput */ = {
			isa = PBXGroup;
			children = (
				48B40E2E26AAE0F20030AAF6 /* VoiceInputView.swift */,
				6EA41F1626EC5373001E7D8E /* SwiftSpeech+.swift */,
			);
			path = VoiceInput;
			sourceTree = "<group>";
		};
		4830D9C226B1FD5A007710FD /* ExtraMetaItem */ = {
			isa = PBXGroup;
			children = (
				4830D9C026B1FD1C007710FD /* NewMetaDataView.swift */,
				4830D9C326B1FDA5007710FD /* SingleExtraExpenseInfoView.swift */,
				4878A77726AE8CC700DCBC8D /* Story */,
				4830D9CA26B25CD7007710FD /* ForWho */,
			);
			path = ExtraMetaItem;
			sourceTree = "<group>";
		};
		4830D9CA26B25CD7007710FD /* ForWho */ = {
			isa = PBXGroup;
			children = (
				4830D9CB26B25CF0007710FD /* ForWhoInputView.swift */,
				4830D9CD26B25D73007710FD /* ForWhoField.swift */,
				4830D9CF26B260A2007710FD /* SingleSomebodyView.swift */,
			);
			path = ForWho;
			sourceTree = "<group>";
		};
		48433BD926C61A8500F72244 /* NLP */ = {
			isa = PBXGroup;
			children = (
				4878A75F26AC68D400DCBC8D /* OriginalText2GeneratedTags.swift */,
				4878A76126AC6AA900DCBC8D /* OriginalText2Event.swift */,
				48433BD726C61A6F00F72244 /* OriginalText2LexicalClass.swift */,
			);
			path = NLP;
			sourceTree = "<group>";
		};
		4844ED4126D0D7FF0037C09A /* Expense */ = {
			isa = PBXGroup;
			children = (
				488D3AA0269F5A2A00287A50 /* ExpenseView.swift */,
				488D3A8F269F0F5500287A50 /* ExpenseSheet.swift */,
				4830D9D426B354A4007710FD /* SingleComponentView.swift */,
				4878A75C26AC65B400DCBC8D /* ExtractOriginalTextFuncs */,
				4878A76326AD922000DCBC8D /* TextField */,
				4878A76C26AD952800DCBC8D /* Tag */,
				486ECDFB26B0E34200EF00B1 /* Focus */,
				4830D9C226B1FD5A007710FD /* ExtraMetaItem */,
			);
			path = Expense;
			sourceTree = "<group>";
		};
		4844ED4426D110DA0037C09A /* DataStructure */ = {
			isa = PBXGroup;
			children = (
				488D3AAF269F8F2F00287A50 /* ExpenseInfo.swift */,
			);
			path = DataStructure;
			sourceTree = "<group>";
		};
		484FA26F275FC44F00FDE8E6 /* MeTab */ = {
			isa = PBXGroup;
			children = (
				484FA270275FC46C00FDE8E6 /* MeTab.swift */,
				488EA1FB271C117600311183 /* Settings */,
				48D89081273E8765008F1971 /* About */,
			);
			path = MeTab;
			sourceTree = "<group>";
		};
		485E4CAE26E0C32A009E6162 /* Extension */ = {
			isa = PBXGroup;
			children = (
				487FA76B26E244CF00DD924F /* Expense+FetchRequests.swift */,
				487FA76D26E244E000DD924F /* Expense+FetchData.swift */,
				6EEE01BA26D115D1006797E8 /* Expense+DataOperation.swift */,
				487FA76F26E244F000DD924F /* Expense+Attributes.swift */,
				487FA77126E2450000DD924F /* Expense+CombinedDataStructure.swift */,
				487FA76926E2448E00DD924F /* Expense+Analysis.swift */,
				6EEE01BC26D12533006797E8 /* Story+.swift */,
				6E18D16D26D158A9006AD12F /* Tag+.swift */,
				485E4CAF26E0C38F009E6162 /* Focus+.swift */,
				4852795E26E10FE500F7B45B /* Someone+.swift */,
				4852795C26E1082000F7B45B /* RAC+Expense.swift */,
			);
			path = Extension;
			sourceTree = "<group>";
		};
		485E543026E0C2310077A8B4 /* TestData */ = {
			isa = PBXGroup;
			children = (
				488D3AAA269F86E400287A50 /* TestExpenseInfo.swift */,
			);
			path = TestData;
			sourceTree = "<group>";
		};
		486ECDFB26B0E34200EF00B1 /* Focus */ = {
			isa = PBXGroup;
			children = (
				486ECDFC26B0E36200EF00B1 /* FocusSelectView.swift */,
				486ECE0226B0E81500EF00B1 /* MultilineFociView.swift */,
				486ECDFE26B0E36F00EF00B1 /* SingleFocusView.swift */,
			);
			path = Focus;
			sourceTree = "<group>";
		};
		4878A75C26AC65B400DCBC8D /* ExtractOriginalTextFuncs */ = {
			isa = PBXGroup;
			children = (
				4878A75D26AC65D600DCBC8D /* OriginalText2Amount.swift */,
				486ECDF926B0D6D000EF00B1 /* OriginalText2SpentMoneyAt.swift */,
				48433BD926C61A8500F72244 /* NLP */,
			);
			path = ExtractOriginalTextFuncs;
			sourceTree = "<group>";
		};
		4878A76326AD922000DCBC8D /* TextField */ = {
			isa = PBXGroup;
			children = (
				4878A76426AD926C00DCBC8D /* OriginalTextField.swift */,
				4878A76626AD931B00DCBC8D /* AmountField.swift */,
				4878A76826AD93DD00DCBC8D /* ExpenseInfoCommomTextField.swift */,
			);
			path = TextField;
			sourceTree = "<group>";
		};
		4878A76C26AD952800DCBC8D /* Tag */ = {
			isa = PBXGroup;
			children = (
				4878A76D26AD962F00DCBC8D /* TagsInputView.swift */,
				4878A77526ADBD5D00DCBC8D /* TagsSuggestionView.swift */,
				4878A77126ADAA8000DCBC8D /* MultilineTagsViewForModify.swift */,
				4878A77326ADAF1E00DCBC8D /* SingleTagViewForModify.swift */,
				482DAB1C26EB34490071518F /* MultilineTagsForDisplay.swift */,
				4878A76A26AD944900DCBC8D /* TagField.swift */,
			);
			path = Tag;
			sourceTree = "<group>";
		};
		4878A77726AE8CC700DCBC8D /* Story */ = {
			isa = PBXGroup;
			children = (
				4878A77826AE8CE900DCBC8D /* StoryInputView.swift */,
				48C8D8E326A2B98B00E61A01 /* StarButtonView.swift */,
				4878A77A26AE8DB800DCBC8D /* StoryField.swift */,
				486ECDF726AEFCEC00EF00B1 /* EmojiPicker.swift */,
			);
			path = Story;
			sourceTree = "<group>";
		};
		488D3A6B269F0E5B00287A50 = {
			isa = PBXGroup;
			children = (
				488D3A76269F0E5B00287A50 /* RacoonAccountBook */,
				488D3A75269F0E5B00287A50 /* Products */,
			);
			sourceTree = "<group>";
		};
		488D3A75269F0E5B00287A50 /* Products */ = {
			isa = PBXGroup;
			children = (
				488D3A74269F0E5B00287A50 /* 浣熊财记.app */,
			);
			name = Products;
			sourceTree = "<group>";
		};
		488D3A76269F0E5B00287A50 /* RacoonAccountBook */ = {
			isa = PBXGroup;
			children = (
				6EEE01B926D115BE006797E8 /* CoreData */,
				488D3A86269F0EF400287A50 /* MVVM */,
				488D3A8E269F0F3D00287A50 /* App */,
				482A322B26F9AE4100BDF958 /* Modules */,
				488D3A9B269F338800287A50 /* Components */,
				488D3A97269F27C500287A50 /* Auxiliary */,
				48C1FBC7271BFDB5008AB95A /* Launch Screen.storyboard */,
				488D3A7B269F0E5E00287A50 /* Assets.xcassets */,
				488D3A80269F0E5E00287A50 /* Info.plist */,
				488D3A7D269F0E5E00287A50 /* Preview Content */,
			);
			path = RacoonAccountBook;
			sourceTree = "<group>";
		};
		488D3A7D269F0E5E00287A50 /* Preview Content */ = {
			isa = PBXGroup;
			children = (
				488D3A7E269F0E5E00287A50 /* Preview Assets.xcassets */,
			);
			path = "Preview Content";
			sourceTree = "<group>";
		};
		488D3A86269F0EF400287A50 /* MVVM */ = {
			isa = PBXGroup;
			children = (
				4830E28B26D00C0A00916DDC /* SheetConfig.swift */,
				4844ED3E26D0BD1D0037C09A /* SheetConfigModel.swift */,
			);
			path = MVVM;
			sourceTree = "<group>";
		};
		488D3A8E269F0F3D00287A50 /* App */ = {
			isa = PBXGroup;
			children = (
				488D3A77269F0E5B00287A50 /* RacoonAccountBookApp.swift */,
				488D3A79269F0E5B00287A50 /* MainView.swift */,
				48C6360526A44B5700E7BF15 /* TopViews */,
				48C6360426A44B1400E7BF15 /* BookTab */,
				48C6360726A44B8300E7BF15 /* StoryTab */,
				48C6360626A44B6000E7BF15 /* ReportTab */,
				484FA26F275FC44F00FDE8E6 /* MeTab */,
			);
			path = App;
			sourceTree = "<group>";
		};
		488D3A97269F27C500287A50 /* Auxiliary */ = {
			isa = PBXGroup;
			children = (
				48B40E3026AAE1290030AAF6 /* Locale+.swift */,
				482A322F26F9AFC000BDF958 /* Image+.swift */,
				48F35BCF26EC2B66003B570D /* ColorSet.swift */,
				48F35BD126EC2F3C003B570D /* Color+.swift */,
				488D3AA6269F6AD000287A50 /* Date+.swift */,
				488D3AA8269F837300287A50 /* Binding+Optional.swift */,
				4878A76F26AD9BBA00DCBC8D /* Array+.swift */,
				488D3A9E269F42AF00287A50 /* PutKeyboardBack.swift */,
				488D3AAD269F8C5400287A50 /* Print+.swift */,
				4878A75A26AC652700DCBC8D /* String+.swift */,
			);
			path = Auxiliary;
			sourceTree = "<group>";
		};
		488D3A9B269F338800287A50 /* Components */ = {
			isa = PBXGroup;
			children = (
				482ADEA4273D6D7300B5C591 /* CardSeperatorView.swift */,
				4823CD2C269FFE6900C7217F /* LargeButton.swift */,
				482A323126F9AFDF00BDF958 /* ImagePicker.swift */,
			);
			path = Components;
			sourceTree = "<group>";
		};
		488EA1FB271C117600311183 /* Settings */ = {
			isa = PBXGroup;
			children = (
				488EA1F3271C0E7800311183 /* SideMenu_Settings.swift */,
				488EA1F7271C114B00311183 /* FocusModifyView.swift */,
				488EA1F9271C115200311183 /* MultilineFocusViewForModify.swift */,
				488EA1FC271C11FA00311183 /* SingleFocusViewForModify.swift */,
				488EA1FE271C13C000311183 /* FocusField.swift */,
			);
			path = Settings;
			sourceTree = "<group>";
		};
		48C6360426A44B1400E7BF15 /* BookTab */ = {
			isa = PBXGroup;
			children = (
				488D3A91269F0F5E00287A50 /* BookTab.swift */,
				483F48E8275FAFFE00E57BCC /* MonthExpensesView.swift */,
				48F0A09A26A4CEBB004898C0 /* Component */,
			);
			path = BookTab;
			sourceTree = "<group>";
		};
		48C6360526A44B5700E7BF15 /* TopViews */ = {
			isa = PBXGroup;
			children = (
				4897FE9B26AC0CCC001AE9BA /* FloatingAddButton.swift */,
				4844ED4226D10F6D0037C09A /* SuccessfullyAlert.swift */,
			);
			path = TopViews;
			sourceTree = "<group>";
		};
		48C6360626A44B6000E7BF15 /* ReportTab */ = {
			isa = PBXGroup;
			children = (
				488D3A95269F188100287A50 /* ReportTab.swift */,
				48F35BD326EC3FD6003B570D /* Focus */,
				48F35BD426EC3FF0003B570D /* Report */,
				6EAD04E226B2D60100DB5FBA /* Story */,
			);
			path = ReportTab;
			sourceTree = "<group>";
		};
		48C6360726A44B8300E7BF15 /* StoryTab */ = {
			isa = PBXGroup;
			children = (
				48F0A09D26A55DF9004898C0 /* StoryTab.swift */,
				6E6EA6A026AD23250084055E /* Component */,
			);
			path = StoryTab;
			sourceTree = "<group>";
		};
		48D89081273E8765008F1971 /* About */ = {
			isa = PBXGroup;
			children = (
				488EA1F5271C0EA400311183 /* SideMenu_About.swift */,
			);
			path = About;
			sourceTree = "<group>";
		};
		48F0A09A26A4CEBB004898C0 /* Component */ = {
			isa = PBXGroup;
			children = (
				48C6360226A44B0B00E7BF15 /* IncomeExpenditureView.swift */,
				48F0A09B26A4CED6004898C0 /* DayExpensesView.swift */,
			);
			path = Component;
			sourceTree = "<group>";
		};
		48F35BD326EC3FD6003B570D /* Focus */ = {
			isa = PBXGroup;
			children = (
				48888B3B271AFBD500CC9E11 /* FocusChartView.swift */,
				48319C0A272712250077C3F6 /* PieChartView.swift */,
				48319C0B272712250077C3F6 /* PieSliceView.swift */,
			);
			path = Focus;
			sourceTree = "<group>";
		};
		48F35BD426EC3FF0003B570D /* Report */ = {
			isa = PBXGroup;
			children = (
				482ADEAA273D83DC00B5C591 /* BriefReportView.swift */,
				6EBB7ABA26B27680004E692B /* ExReportCardContent.swift */,
				48D8907F273E8493008F1971 /* ReportItemView.swift */,
			);
			path = Report;
			sourceTree = "<group>";
		};
		6E6EA6A026AD23250084055E /* Component */ = {
			isa = PBXGroup;
			children = (
				6E6EA6A526AD50D80084055E /* RatingView.swift */,
			);
			path = Component;
			sourceTree = "<group>";
		};
		6EAD04E226B2D60100DB5FBA /* Story */ = {
			isa = PBXGroup;
			children = (
				482ADEA6273D6F4000B5C591 /* StoryReportView.swift */,
				48D8907D273E7AFF008F1971 /* StoryReportCardContent.swift */,
				48D8907B273E7ADF008F1971 /* HabitReportCardContent.swift */,
			);
			path = Story;
			sourceTree = "<group>";
		};
		6EEE01B926D115BE006797E8 /* CoreData */ = {
			isa = PBXGroup;
			children = (
				6EEE01B426D0EE6C006797E8 /* AccountBook.xcdatamodeld */,
				485E4CAE26E0C32A009E6162 /* Extension */,
				4844ED4426D110DA0037C09A /* DataStructure */,
				485E543026E0C2310077A8B4 /* TestData */,
				6EEE01B726D0EEE4006797E8 /* Persistence.swift */,
			);
			path = CoreData;
			sourceTree = "<group>";
		};
/* End PBXGroup section */

/* Begin PBXNativeTarget section */
		488D3A73269F0E5B00287A50 /* RacoonAccountBook */ = {
			isa = PBXNativeTarget;
			buildConfigurationList = 488D3A83269F0E5E00287A50 /* Build configuration list for PBXNativeTarget "RacoonAccountBook" */;
			buildPhases = (
				488D3A70269F0E5B00287A50 /* Sources */,
				488D3A71269F0E5B00287A50 /* Frameworks */,
				488D3A72269F0E5B00287A50 /* Resources */,
			);
			buildRules = (
			);
			dependencies = (
			);
			name = RacoonAccountBook;
			packageProductDependencies = (
				488D3AA4269F689B00287A50 /* SwiftDate */,
				48B40E2C26AAE05C0030AAF6 /* SwiftSpeech */,
			);
			productName = RacoonAccountBook;
			productReference = 488D3A74269F0E5B00287A50 /* 浣熊财记.app */;
			productType = "com.apple.product-type.application";
		};
/* End PBXNativeTarget section */

/* Begin PBXProject section */
		488D3A6C269F0E5B00287A50 /* Project object */ = {
			isa = PBXProject;
			attributes = {
				LastSwiftUpdateCheck = 1250;
				LastUpgradeCheck = 1250;
				TargetAttributes = {
					488D3A73269F0E5B00287A50 = {
						CreatedOnToolsVersion = 12.5.1;
					};
				};
			};
			buildConfigurationList = 488D3A6F269F0E5B00287A50 /* Build configuration list for PBXProject "RacoonAccountBook" */;
			compatibilityVersion = "Xcode 9.3";
			developmentRegion = "zh-Hans";
			hasScannedForEncodings = 0;
			knownRegions = (
				"zh-Hans",
				Base,
			);
			mainGroup = 488D3A6B269F0E5B00287A50;
			packageReferences = (
				488D3AA3269F689A00287A50 /* XCRemoteSwiftPackageReference "SwiftDate" */,
				48B40E2B26AAE05C0030AAF6 /* XCRemoteSwiftPackageReference "SwiftSpeech" */,
			);
			productRefGroup = 488D3A75269F0E5B00287A50 /* Products */;
			projectDirPath = "";
			projectRoot = "";
			targets = (
				488D3A73269F0E5B00287A50 /* RacoonAccountBook */,
			);
		};
/* End PBXProject section */

/* Begin PBXResourcesBuildPhase section */
		488D3A72269F0E5B00287A50 /* Resources */ = {
			isa = PBXResourcesBuildPhase;
			buildActionMask = 2147483647;
			files = (
				48C1FBC8271BFDB5008AB95A /* Launch Screen.storyboard in Resources */,
				488D3A7F269F0E5E00287A50 /* Preview Assets.xcassets in Resources */,
				488D3A7C269F0E5E00287A50 /* Assets.xcassets in Resources */,
			);
			runOnlyForDeploymentPostprocessing = 0;
		};
/* End PBXResourcesBuildPhase section */

/* Begin PBXSourcesBuildPhase section */
		488D3A70269F0E5B00287A50 /* Sources */ = {
			isa = PBXSourcesBuildPhase;
			buildActionMask = 2147483647;
			files = (
				484FA271275FC46C00FDE8E6 /* MeTab.swift in Sources */,
				6EEE01BB26D115D1006797E8 /* Expense+DataOperation.swift in Sources */,
				48F35BD226EC2F3C003B570D /* Color+.swift in Sources */,
				48319C0D272712250077C3F6 /* PieSliceView.swift in Sources */,
				488D3A7A269F0E5B00287A50 /* MainView.swift in Sources */,
				488EA1FF271C13C000311183 /* FocusField.swift in Sources */,
				4878A77426ADAF1E00DCBC8D /* SingleTagViewForModify.swift in Sources */,
				4823CD2D269FFE6900C7217F /* LargeButton.swift in Sources */,
				6E6EA6A626AD50D80084055E /* RatingView.swift in Sources */,
				4897FE9C26AC0CCC001AE9BA /* FloatingAddButton.swift in Sources */,
				48C8D8E426A2B98B00E61A01 /* StarButtonView.swift in Sources */,
				488D3A9F269F42AF00287A50 /* PutKeyboardBack.swift in Sources */,
				6EA41F1726EC5373001E7D8E /* SwiftSpeech+.swift in Sources */,
				488D3AA9269F837300287A50 /* Binding+Optional.swift in Sources */,
				4878A77626ADBD5D00DCBC8D /* TagsSuggestionView.swift in Sources */,
				4844ED4326D10F6D0037C09A /* SuccessfullyAlert.swift in Sources */,
				48D8907E273E7AFF008F1971 /* StoryReportCardContent.swift in Sources */,
				4830D9CC26B25CF0007710FD /* ForWhoInputView.swift in Sources */,
				488D3AAE269F8C5400287A50 /* Print+.swift in Sources */,
				4878A77226ADAA8000DCBC8D /* MultilineTagsViewForModify.swift in Sources */,
				6EBB7ABB26B27680004E692B /* ExReportCardContent.swift in Sources */,
				48C6360326A44B0B00E7BF15 /* IncomeExpenditureView.swift in Sources */,
				485DF2D126F5D6F9003F1DB7 /* ScreenshotImportSheet.swift in Sources */,
				488D3AA1269F5A2A00287A50 /* ExpenseView.swift in Sources */,
				488EA1F8271C114B00311183 /* FocusModifyView.swift in Sources */,
				48888B3C271AFBD500CC9E11 /* FocusChartView.swift in Sources */,
				4878A77026AD9BBA00DCBC8D /* Array+.swift in Sources */,
				485E4CB026E0C38F009E6162 /* Focus+.swift in Sources */,
				4878A75B26AC652700DCBC8D /* String+.swift in Sources */,
				4830D9D526B354A4007710FD /* SingleComponentView.swift in Sources */,
				4844ED3F26D0BD1D0037C09A /* SheetConfigModel.swift in Sources */,
				4878A76226AC6AA900DCBC8D /* OriginalText2Event.swift in Sources */,
				486ECDFD26B0E36200EF00B1 /* FocusSelectView.swift in Sources */,
				486ECDF826AEFCEC00EF00B1 /* EmojiPicker.swift in Sources */,
				482ADEA5273D6D7300B5C591 /* CardSeperatorView.swift in Sources */,
				488EA1FA271C115200311183 /* MultilineFocusViewForModify.swift in Sources */,
				4878A76526AD926C00DCBC8D /* OriginalTextField.swift in Sources */,
				48433BD826C61A6F00F72244 /* OriginalText2LexicalClass.swift in Sources */,
				487FA77226E2450000DD924F /* Expense+CombinedDataStructure.swift in Sources */,
				482A323026F9AFC000BDF958 /* Image+.swift in Sources */,
				482DAB1D26EB34490071518F /* MultilineTagsForDisplay.swift in Sources */,
				48F0A09C26A4CED6004898C0 /* DayExpensesView.swift in Sources */,
				488D3AB0269F8F2F00287A50 /* ExpenseInfo.swift in Sources */,
				488EA1F6271C0EA400311183 /* SideMenu_About.swift in Sources */,
				488D3AA7269F6AD000287A50 /* Date+.swift in Sources */,
				488EA1FD271C11FA00311183 /* SingleFocusViewForModify.swift in Sources */,
				488D3A96269F188100287A50 /* ReportTab.swift in Sources */,
				482A323226F9AFDF00BDF958 /* ImagePicker.swift in Sources */,
				482ADEAB273D83DC00B5C591 /* BriefReportView.swift in Sources */,
				482A322E26F9AF5800BDF958 /* WeChatBillInfo.swift in Sources */,
				6EEE01BD26D12533006797E8 /* Story+.swift in Sources */,
				487FA76A26E2448E00DD924F /* Expense+Analysis.swift in Sources */,
				4878A75E26AC65D600DCBC8D /* OriginalText2Amount.swift in Sources */,
				48D8907C273E7ADF008F1971 /* HabitReportCardContent.swift in Sources */,
				488D3A78269F0E5B00287A50 /* RacoonAccountBookApp.swift in Sources */,
				6EEE01B826D0EEE4006797E8 /* Persistence.swift in Sources */,
				4852795D26E1082000F7B45B /* RAC+Expense.swift in Sources */,
				4852795F26E10FE500F7B45B /* Someone+.swift in Sources */,
				486ECDFA26B0D6D000EF00B1 /* OriginalText2SpentMoneyAt.swift in Sources */,
				4878A77926AE8CE900DCBC8D /* StoryInputView.swift in Sources */,
				486ECDFF26B0E36F00EF00B1 /* SingleFocusView.swift in Sources */,
				487FA76C26E244CF00DD924F /* Expense+FetchRequests.swift in Sources */,
				48F0A09E26A55DFA004898C0 /* StoryTab.swift in Sources */,
				488EA1F4271C0E7800311183 /* SideMenu_Settings.swift in Sources */,
				6E18D16E26D158A9006AD12F /* Tag+.swift in Sources */,
				48B40E3126AAE1290030AAF6 /* Locale+.swift in Sources */,
				4830E28C26D00C0A00916DDC /* SheetConfig.swift in Sources */,
				487FA77026E244F000DD924F /* Expense+Attributes.swift in Sources */,
				48B40E2F26AAE0F20030AAF6 /* VoiceInputView.swift in Sources */,
				48F35BD026EC2B66003B570D /* ColorSet.swift in Sources */,
				4830D9D026B260A2007710FD /* SingleSomebodyView.swift in Sources */,
				486ECE0326B0E81500EF00B1 /* MultilineFociView.swift in Sources */,
				482ADEA7273D6F4000B5C591 /* StoryReportView.swift in Sources */,
				4830D9C126B1FD1C007710FD /* NewMetaDataView.swift in Sources */,
				483F48E9275FAFFF00E57BCC /* MonthExpensesView.swift in Sources */,
				4878A76726AD931B00DCBC8D /* AmountField.swift in Sources */,
				48319C0C272712250077C3F6 /* PieChartView.swift in Sources */,
				4878A77B26AE8DB800DCBC8D /* StoryField.swift in Sources */,
				6EEE01B626D0EE6C006797E8 /* AccountBook.xcdatamodeld in Sources */,
				48D89080273E8493008F1971 /* ReportItemView.swift in Sources */,
				4878A76E26AD962F00DCBC8D /* TagsInputView.swift in Sources */,
				488D3AAB269F86E400287A50 /* TestExpenseInfo.swift in Sources */,
				4830D9C426B1FDA5007710FD /* SingleExtraExpenseInfoView.swift in Sources */,
				4878A76926AD93DD00DCBC8D /* ExpenseInfoCommomTextField.swift in Sources */,
				488D3A90269F0F5500287A50 /* ExpenseSheet.swift in Sources */,
				488D3A92269F0F5E00287A50 /* BookTab.swift in Sources */,
				487FA76E26E244E000DD924F /* Expense+FetchData.swift in Sources */,
				4878A76B26AD944900DCBC8D /* TagField.swift in Sources */,
				4878A76026AC68D400DCBC8D /* OriginalText2GeneratedTags.swift in Sources */,
				4830D9CE26B25D73007710FD /* ForWhoField.swift in Sources */,
			);
			runOnlyForDeploymentPostprocessing = 0;
		};
/* End PBXSourcesBuildPhase section */

/* Begin XCBuildConfiguration section */
		488D3A81269F0E5E00287A50 /* Debug */ = {
			isa = XCBuildConfiguration;
			buildSettings = {
				ALWAYS_SEARCH_USER_PATHS = NO;
				CLANG_ANALYZER_NONNULL = YES;
				CLANG_ANALYZER_NUMBER_OBJECT_CONVERSION = YES_AGGRESSIVE;
				CLANG_CXX_LANGUAGE_STANDARD = "gnu++14";
				CLANG_CXX_LIBRARY = "libc++";
				CLANG_ENABLE_MODULES = YES;
				CLANG_ENABLE_OBJC_ARC = YES;
				CLANG_ENABLE_OBJC_WEAK = YES;
				CLANG_WARN_BLOCK_CAPTURE_AUTORELEASING = YES;
				CLANG_WARN_BOOL_CONVERSION = YES;
				CLANG_WARN_COMMA = YES;
				CLANG_WARN_CONSTANT_CONVERSION = YES;
				CLANG_WARN_DEPRECATED_OBJC_IMPLEMENTATIONS = YES;
				CLANG_WARN_DIRECT_OBJC_ISA_USAGE = YES_ERROR;
				CLANG_WARN_DOCUMENTATION_COMMENTS = YES;
				CLANG_WARN_EMPTY_BODY = YES;
				CLANG_WARN_ENUM_CONVERSION = YES;
				CLANG_WARN_INFINITE_RECURSION = YES;
				CLANG_WARN_INT_CONVERSION = YES;
				CLANG_WARN_NON_LITERAL_NULL_CONVERSION = YES;
				CLANG_WARN_OBJC_IMPLICIT_RETAIN_SELF = YES;
				CLANG_WARN_OBJC_LITERAL_CONVERSION = YES;
				CLANG_WARN_OBJC_ROOT_CLASS = YES_ERROR;
				CLANG_WARN_QUOTED_INCLUDE_IN_FRAMEWORK_HEADER = YES;
				CLANG_WARN_RANGE_LOOP_ANALYSIS = YES;
				CLANG_WARN_STRICT_PROTOTYPES = YES;
				CLANG_WARN_SUSPICIOUS_MOVE = YES;
				CLANG_WARN_UNGUARDED_AVAILABILITY = YES_AGGRESSIVE;
				CLANG_WARN_UNREACHABLE_CODE = YES;
				CLANG_WARN__DUPLICATE_METHOD_MATCH = YES;
				COPY_PHASE_STRIP = NO;
				DEBUG_INFORMATION_FORMAT = dwarf;
				ENABLE_STRICT_OBJC_MSGSEND = YES;
				ENABLE_TESTABILITY = YES;
				GCC_C_LANGUAGE_STANDARD = gnu11;
				GCC_DYNAMIC_NO_PIC = NO;
				GCC_NO_COMMON_BLOCKS = YES;
				GCC_OPTIMIZATION_LEVEL = 0;
				GCC_PREPROCESSOR_DEFINITIONS = (
					"DEBUG=1",
					"$(inherited)",
				);
				GCC_WARN_64_TO_32_BIT_CONVERSION = YES;
				GCC_WARN_ABOUT_RETURN_TYPE = YES_ERROR;
				GCC_WARN_UNDECLARED_SELECTOR = YES;
				GCC_WARN_UNINITIALIZED_AUTOS = YES_AGGRESSIVE;
				GCC_WARN_UNUSED_FUNCTION = YES;
				GCC_WARN_UNUSED_VARIABLE = YES;
				IPHONEOS_DEPLOYMENT_TARGET = 14.6;
				MTL_ENABLE_DEBUG_INFO = INCLUDE_SOURCE;
				MTL_FAST_MATH = YES;
				ONLY_ACTIVE_ARCH = YES;
				SDKROOT = iphoneos;
				SWIFT_ACTIVE_COMPILATION_CONDITIONS = DEBUG;
				SWIFT_OPTIMIZATION_LEVEL = "-Onone";
			};
			name = Debug;
		};
		488D3A82269F0E5E00287A50 /* Release */ = {
			isa = XCBuildConfiguration;
			buildSettings = {
				ALWAYS_SEARCH_USER_PATHS = NO;
				CLANG_ANALYZER_NONNULL = YES;
				CLANG_ANALYZER_NUMBER_OBJECT_CONVERSION = YES_AGGRESSIVE;
				CLANG_CXX_LANGUAGE_STANDARD = "gnu++14";
				CLANG_CXX_LIBRARY = "libc++";
				CLANG_ENABLE_MODULES = YES;
				CLANG_ENABLE_OBJC_ARC = YES;
				CLANG_ENABLE_OBJC_WEAK = YES;
				CLANG_WARN_BLOCK_CAPTURE_AUTORELEASING = YES;
				CLANG_WARN_BOOL_CONVERSION = YES;
				CLANG_WARN_COMMA = YES;
				CLANG_WARN_CONSTANT_CONVERSION = YES;
				CLANG_WARN_DEPRECATED_OBJC_IMPLEMENTATIONS = YES;
				CLANG_WARN_DIRECT_OBJC_ISA_USAGE = YES_ERROR;
				CLANG_WARN_DOCUMENTATION_COMMENTS = YES;
				CLANG_WARN_EMPTY_BODY = YES;
				CLANG_WARN_ENUM_CONVERSION = YES;
				CLANG_WARN_INFINITE_RECURSION = YES;
				CLANG_WARN_INT_CONVERSION = YES;
				CLANG_WARN_NON_LITERAL_NULL_CONVERSION = YES;
				CLANG_WARN_OBJC_IMPLICIT_RETAIN_SELF = YES;
				CLANG_WARN_OBJC_LITERAL_CONVERSION = YES;
				CLANG_WARN_OBJC_ROOT_CLASS = YES_ERROR;
				CLANG_WARN_QUOTED_INCLUDE_IN_FRAMEWORK_HEADER = YES;
				CLANG_WARN_RANGE_LOOP_ANALYSIS = YES;
				CLANG_WARN_STRICT_PROTOTYPES = YES;
				CLANG_WARN_SUSPICIOUS_MOVE = YES;
				CLANG_WARN_UNGUARDED_AVAILABILITY = YES_AGGRESSIVE;
				CLANG_WARN_UNREACHABLE_CODE = YES;
				CLANG_WARN__DUPLICATE_METHOD_MATCH = YES;
				COPY_PHASE_STRIP = NO;
				DEBUG_INFORMATION_FORMAT = "dwarf-with-dsym";
				ENABLE_NS_ASSERTIONS = NO;
				ENABLE_STRICT_OBJC_MSGSEND = YES;
				GCC_C_LANGUAGE_STANDARD = gnu11;
				GCC_NO_COMMON_BLOCKS = YES;
				GCC_WARN_64_TO_32_BIT_CONVERSION = YES;
				GCC_WARN_ABOUT_RETURN_TYPE = YES_ERROR;
				GCC_WARN_UNDECLARED_SELECTOR = YES;
				GCC_WARN_UNINITIALIZED_AUTOS = YES_AGGRESSIVE;
				GCC_WARN_UNUSED_FUNCTION = YES;
				GCC_WARN_UNUSED_VARIABLE = YES;
				IPHONEOS_DEPLOYMENT_TARGET = 14.6;
				MTL_ENABLE_DEBUG_INFO = NO;
				MTL_FAST_MATH = YES;
				SDKROOT = iphoneos;
				SWIFT_COMPILATION_MODE = wholemodule;
				SWIFT_OPTIMIZATION_LEVEL = "-O";
				VALIDATE_PRODUCT = YES;
			};
			name = Release;
		};
		488D3A84269F0E5E00287A50 /* Debug */ = {
			isa = XCBuildConfiguration;
			buildSettings = {
				ASSETCATALOG_COMPILER_APPICON_NAME = AppIcon;
				ASSETCATALOG_COMPILER_GLOBAL_ACCENT_COLOR_NAME = AccentColor;
				CODE_SIGN_IDENTITY = "Apple Development";
				CODE_SIGN_STYLE = Automatic;
				CURRENT_PROJECT_VERSION = 108;
				DEVELOPMENT_ASSET_PATHS = "\"RacoonAccountBook/Preview Content\"";
				DEVELOPMENT_TEAM = C4W6UUH267;
				ENABLE_PREVIEWS = YES;
				INFOPLIST_FILE = RacoonAccountBook/Info.plist;
				IPHONEOS_DEPLOYMENT_TARGET = 14.0;
				LD_RUNPATH_SEARCH_PATHS = (
					"$(inherited)",
					"@executable_path/Frameworks",
				);
				MARKETING_VERSION = 1.0.4;
				PRODUCT_BUNDLE_IDENTIFIER = com.racoonAccountBook.alpha;
				PRODUCT_NAME = "浣熊财记";
				PROVISIONING_PROFILE_SPECIFIER = "";
				SWIFT_VERSION = 5.0;
				TARGETED_DEVICE_FAMILY = 1;
			};
			name = Debug;
		};
		488D3A85269F0E5E00287A50 /* Release */ = {
			isa = XCBuildConfiguration;
			buildSettings = {
				ASSETCATALOG_COMPILER_APPICON_NAME = AppIcon;
				ASSETCATALOG_COMPILER_GLOBAL_ACCENT_COLOR_NAME = AccentColor;
				CODE_SIGN_IDENTITY = "Apple Development";
				CODE_SIGN_STYLE = Automatic;
				CURRENT_PROJECT_VERSION = 108;
				DEVELOPMENT_ASSET_PATHS = "\"RacoonAccountBook/Preview Content\"";
				DEVELOPMENT_TEAM = C4W6UUH267;
				ENABLE_PREVIEWS = YES;
				INFOPLIST_FILE = RacoonAccountBook/Info.plist;
				IPHONEOS_DEPLOYMENT_TARGET = 14.0;
				LD_RUNPATH_SEARCH_PATHS = (
					"$(inherited)",
					"@executable_path/Frameworks",
				);
				MARKETING_VERSION = 1.0.4;
				PRODUCT_BUNDLE_IDENTIFIER = com.racoonAccountBook.alpha;
				PRODUCT_NAME = "浣熊财记";
				PROVISIONING_PROFILE_SPECIFIER = "";
				SWIFT_VERSION = 5.0;
				TARGETED_DEVICE_FAMILY = 1;
			};
			name = Release;
		};
		48FD597626C4030E00BF26A3 /* Dev */ = {
			isa = XCBuildConfiguration;
			buildSettings = {
				ALWAYS_SEARCH_USER_PATHS = NO;
				CLANG_ANALYZER_NONNULL = YES;
				CLANG_ANALYZER_NUMBER_OBJECT_CONVERSION = YES_AGGRESSIVE;
				CLANG_CXX_LANGUAGE_STANDARD = "gnu++14";
				CLANG_CXX_LIBRARY = "libc++";
				CLANG_ENABLE_MODULES = YES;
				CLANG_ENABLE_OBJC_ARC = YES;
				CLANG_ENABLE_OBJC_WEAK = YES;
				CLANG_WARN_BLOCK_CAPTURE_AUTORELEASING = YES;
				CLANG_WARN_BOOL_CONVERSION = YES;
				CLANG_WARN_COMMA = YES;
				CLANG_WARN_CONSTANT_CONVERSION = YES;
				CLANG_WARN_DEPRECATED_OBJC_IMPLEMENTATIONS = YES;
				CLANG_WARN_DIRECT_OBJC_ISA_USAGE = YES_ERROR;
				CLANG_WARN_DOCUMENTATION_COMMENTS = YES;
				CLANG_WARN_EMPTY_BODY = YES;
				CLANG_WARN_ENUM_CONVERSION = YES;
				CLANG_WARN_INFINITE_RECURSION = YES;
				CLANG_WARN_INT_CONVERSION = YES;
				CLANG_WARN_NON_LITERAL_NULL_CONVERSION = YES;
				CLANG_WARN_OBJC_IMPLICIT_RETAIN_SELF = YES;
				CLANG_WARN_OBJC_LITERAL_CONVERSION = YES;
				CLANG_WARN_OBJC_ROOT_CLASS = YES_ERROR;
				CLANG_WARN_QUOTED_INCLUDE_IN_FRAMEWORK_HEADER = YES;
				CLANG_WARN_RANGE_LOOP_ANALYSIS = YES;
				CLANG_WARN_STRICT_PROTOTYPES = YES;
				CLANG_WARN_SUSPICIOUS_MOVE = YES;
				CLANG_WARN_UNGUARDED_AVAILABILITY = YES_AGGRESSIVE;
				CLANG_WARN_UNREACHABLE_CODE = YES;
				CLANG_WARN__DUPLICATE_METHOD_MATCH = YES;
				COPY_PHASE_STRIP = NO;
				DEBUG_INFORMATION_FORMAT = dwarf;
				ENABLE_STRICT_OBJC_MSGSEND = YES;
				ENABLE_TESTABILITY = YES;
				GCC_C_LANGUAGE_STANDARD = gnu11;
				GCC_DYNAMIC_NO_PIC = NO;
				GCC_NO_COMMON_BLOCKS = YES;
				GCC_OPTIMIZATION_LEVEL = 0;
				GCC_PREPROCESSOR_DEFINITIONS = (
					"DEBUG=1",
					"$(inherited)",
				);
				GCC_WARN_64_TO_32_BIT_CONVERSION = YES;
				GCC_WARN_ABOUT_RETURN_TYPE = YES_ERROR;
				GCC_WARN_UNDECLARED_SELECTOR = YES;
				GCC_WARN_UNINITIALIZED_AUTOS = YES_AGGRESSIVE;
				GCC_WARN_UNUSED_FUNCTION = YES;
				GCC_WARN_UNUSED_VARIABLE = YES;
				IPHONEOS_DEPLOYMENT_TARGET = 14.6;
				MTL_ENABLE_DEBUG_INFO = INCLUDE_SOURCE;
				MTL_FAST_MATH = YES;
				ONLY_ACTIVE_ARCH = YES;
				OTHER_SWIFT_FLAGS = "-DDEV";
				SDKROOT = iphoneos;
				SWIFT_ACTIVE_COMPILATION_CONDITIONS = DEBUG;
				SWIFT_OPTIMIZATION_LEVEL = "-Onone";
			};
			name = Dev;
		};
		48FD597726C4030E00BF26A3 /* Dev */ = {
			isa = XCBuildConfiguration;
			buildSettings = {
				ASSETCATALOG_COMPILER_APPICON_NAME = AppIcon;
				ASSETCATALOG_COMPILER_GLOBAL_ACCENT_COLOR_NAME = AccentColor;
				CODE_SIGN_STYLE = Automatic;
				CURRENT_PROJECT_VERSION = 108;
				DEVELOPMENT_ASSET_PATHS = "\"RacoonAccountBook/Preview Content\"";
				DEVELOPMENT_TEAM = C4W6UUH267;
				ENABLE_PREVIEWS = YES;
				INFOPLIST_FILE = RacoonAccountBook/Info.plist;
				IPHONEOS_DEPLOYMENT_TARGET = 14.0;
				LD_RUNPATH_SEARCH_PATHS = (
					"$(inherited)",
					"@executable_path/Frameworks",
				);
				MARKETING_VERSION = 1.0.4;
				PRODUCT_BUNDLE_IDENTIFIER = com.racoon.RacoonAccountBook.dev;
				PRODUCT_NAME = "浣熊财记Dev";
				SWIFT_VERSION = 5.0;
				TARGETED_DEVICE_FAMILY = 1;
			};
			name = Dev;
		};
/* End XCBuildConfiguration section */

/* Begin XCConfigurationList section */
		488D3A6F269F0E5B00287A50 /* Build configuration list for PBXProject "RacoonAccountBook" */ = {
			isa = XCConfigurationList;
			buildConfigurations = (
				488D3A81269F0E5E00287A50 /* Debug */,
				48FD597626C4030E00BF26A3 /* Dev */,
				488D3A82269F0E5E00287A50 /* Release */,
			);
			defaultConfigurationIsVisible = 0;
			defaultConfigurationName = Release;
		};
		488D3A83269F0E5E00287A50 /* Build configuration list for PBXNativeTarget "RacoonAccountBook" */ = {
			isa = XCConfigurationList;
			buildConfigurations = (
				488D3A84269F0E5E00287A50 /* Debug */,
				48FD597726C4030E00BF26A3 /* Dev */,
				488D3A85269F0E5E00287A50 /* Release */,
			);
			defaultConfigurationIsVisible = 0;
			defaultConfigurationName = Release;
		};
/* End XCConfigurationList section */

/* Begin XCRemoteSwiftPackageReference section */
		488D3AA3269F689A00287A50 /* XCRemoteSwiftPackageReference "SwiftDate" */ = {
			isa = XCRemoteSwiftPackageReference;
			repositoryURL = "https://github.com/malcommac/SwiftDate.git";
			requirement = {
				kind = upToNextMajorVersion;
				minimumVersion = 6.3.1;
			};
		};
		48B40E2B26AAE05C0030AAF6 /* XCRemoteSwiftPackageReference "SwiftSpeech" */ = {
			isa = XCRemoteSwiftPackageReference;
			repositoryURL = "https://github.com/Cay-Zhang/SwiftSpeech";
			requirement = {
				kind = upToNextMajorVersion;
				minimumVersion = 0.9.2;
			};
		};
/* End XCRemoteSwiftPackageReference section */

/* Begin XCSwiftPackageProductDependency section */
		488D3AA4269F689B00287A50 /* SwiftDate */ = {
			isa = XCSwiftPackageProductDependency;
			package = 488D3AA3269F689A00287A50 /* XCRemoteSwiftPackageReference "SwiftDate" */;
			productName = SwiftDate;
		};
		48B40E2C26AAE05C0030AAF6 /* SwiftSpeech */ = {
			isa = XCSwiftPackageProductDependency;
			package = 48B40E2B26AAE05C0030AAF6 /* XCRemoteSwiftPackageReference "SwiftSpeech" */;
			productName = SwiftSpeech;
		};
/* End XCSwiftPackageProductDependency section */

/* Begin XCVersionGroup section */
		6EEE01B426D0EE6C006797E8 /* AccountBook.xcdatamodeld */ = {
			isa = XCVersionGroup;
			children = (
				6EEE01B526D0EE6C006797E8 /* Model.xcdatamodel */,
			);
			currentVersion = 6EEE01B526D0EE6C006797E8 /* Model.xcdatamodel */;
			path = AccountBook.xcdatamodeld;
			sourceTree = "<group>";
			versionGroupType = wrapper.xcdatamodel;
		};
/* End XCVersionGroup section */
	};
	rootObject = 488D3A6C269F0E5B00287A50 /* Project object */;
}
